Microsoft Visual Studio Solution File, Format Version 12.00
# Visual Studio 15
VisualStudioVersion = 15.0.27130.2020
MinimumVisualStudioVersion = 10.0.40219.1
Project("{2150E333-8FDC-42A3-9474-1A3956D46DE8}") = "3rdparty", "3rdparty", "{71B392A2-E949-3D34-BB2C-2A1FAB32CB1E}"
EndProject
Project("{2150E333-8FDC-42A3-9474-1A3956D46DE8}") = "expat", "expat", "{827EBA0E-CA00-3933-87E4-0C3B24888CB1}"
EndProject
Project("{2150E333-8FDC-42A3-9474-1A3956D46DE8}") = "gif", "gif", "{7B539D37-374C-3C7E-86BF-9966E610BC79}"
EndProject
Project("{2150E333-8FDC-42A3-9474-1A3956D46DE8}") = "png", "png", "{89F157CC-1FEE-3A94-AA15-7A4F1EF8C429}"
EndProject
Project("{2150E333-8FDC-42A3-9474-1A3956D46DE8}") = "zlib", "zlib", "{7416DC52-4022-3605-AD85-72B4416AA73D}"
EndProject
Project("{8BC9CEB8-8B4A-11D0-8D11-00A0C91BC942}") = "expat", "3rdparty\expat.vcxproj", "{E919F187-2B3C-3A31-A009-CD01741C3CB0}"
EndProject
Project("{8BC9CEB8-8B4A-11D0-8D11-00A0C91BC942}") = "gif", "3rdparty\gif.vcxproj", "{CD33C671-F5AF-34E4-A29B-7755105E7DB0}"
EndProject
Project("{8BC9CEB8-8B4A-11D0-8D11-00A0C91BC942}") = "png", "3rdparty\png.vcxproj", "{FA159C15-8A44-3C01-9F79-DB0C26894921}"
	ProjectSection(ProjectDependencies) = postProject
		{990AD493-294E-37EC-AD0E-CADFBDD7C6B6} = {990AD493-294E-37EC-AD0E-CADFBDD7C6B6}
	EndProjectSection
EndProject
Project("{8BC9CEB8-8B4A-11D0-8D11-00A0C91BC942}") = "skia", "3rdparty\skia\skia.vcxproj", "{40040D69-017F-319F-9729-173C346F94D7}"
	ProjectSection(ProjectDependencies) = postProject
		{FA159C15-8A44-3C01-9F79-DB0C26894921} = {FA159C15-8A44-3C01-9F79-DB0C26894921}
		{CD33C671-F5AF-34E4-A29B-7755105E7DB0} = {CD33C671-F5AF-34E4-A29B-7755105E7DB0}
		{E919F187-2B3C-3A31-A009-CD01741C3CB0} = {E919F187-2B3C-3A31-A009-CD01741C3CB0}
		{990AD493-294E-37EC-AD0E-CADFBDD7C6B6} = {990AD493-294E-37EC-AD0E-CADFBDD7C6B6}
		{78B079BD-9FC7-4B9E-B4A6-96DA0F00248B} = {78B079BD-9FC7-4B9E-B4A6-96DA0F00248B}
	EndProjectSection
EndProject
Project("{8BC9CEB8-8B4A-11D0-8D11-00A0C91BC942}") = "zlib", "3rdparty\zlib.vcxproj", "{990AD493-294E-37EC-AD0E-CADFBDD7C6B6}"
EndProject
Project("{8BC9CEB8-8B4A-11D0-8D11-00A0C91BC942}") = "MFCSkiaSDL", "MFCSkiaSDL\MFCSkiaSDL.vcxproj", "{7C2A6EFD-DF59-4A57-ABC0-E61383AAAE9F}"
EndProject
Project("{8BC9CEB8-8B4A-11D0-8D11-00A0C91BC942}") = "freetype", "..\3rdparty\freetype\builds\windows\vc2010\freetype.vcxproj", "{78B079BD-9FC7-4B9E-B4A6-96DA0F00248B}"
EndProject
Project("{8BC9CEB8-8B4A-11D0-8D11-00A0C91BC942}") = "skgpu", "..\3rdparty\skgpu\skgpu.vcxproj", "{536F1947-537A-47D5-B330-5170AAE96019}"
EndProject
Project("{8BC9CEB8-8B4A-11D0-8D11-00A0C91BC942}") = "libtiff", "..\3rdparty\libtiff\libtiff.vcxproj", "{C797DD8E-CBD7-46FC-8D58-A75F97C46E3F}"
EndProject
Project("{8BC9CEB8-8B4A-11D0-8D11-00A0C91BC942}") = "libwebp", "..\3rdparty\libwebp\libwebp.vcxproj", "{BF2958F5-257E-4554-A418-111E9B962899}"
EndProject
Project("{8BC9CEB8-8B4A-11D0-8D11-00A0C91BC942}") = "SDL2", "..\3rdparty\libsdl\SDL2-2.0.7\VisualC\SDL\SDL.vcxproj", "{81CE8DAF-EBB2-4761-8E45-B71ABCCA8C68}"
EndProject
Project("{8BC9CEB8-8B4A-11D0-8D11-00A0C91BC942}") = "libjpeg", "..\3rdparty\libjpeg\libjpeg.vcxproj", "{7C58367E-7F70-4675-AB9C-FA6432C5EC63}"
EndProject
Project("{8BC9CEB8-8B4A-11D0-8D11-00A0C91BC942}") = "SDL2main", "..\3rdparty\libsdl\SDL2-2.0.7\VisualC\SDLmain\SDLmain.vcxproj", "{DA956FD3-E142-46F2-9DD5-C78BEBB56B7A}"
EndProject
Project("{8BC9CEB8-8B4A-11D0-8D11-00A0C91BC942}") = "SDL2_image", "..\3rdparty\libsdl\SDL2_image-2.0.2\VisualC\SDL_image.vcxproj", "{2BD5534E-00E2-4BEA-AC96-D9A92EA24696}"
EndProject
Global
	GlobalSection(SolutionConfigurationPlatforms) = preSolution
		Debug Multithreaded|Win32 = Debug Multithreaded|Win32
		Debug Multithreaded|x64 = Debug Multithreaded|x64
		Debug Singlethreaded|Win32 = Debug Singlethreaded|Win32
		Debug Singlethreaded|x64 = Debug Singlethreaded|x64
		Debug_shared|Win32 = Debug_shared|Win32
		Debug_shared|x64 = Debug_shared|x64
		Debug_static|Win32 = Debug_static|Win32
		Debug_static|x64 = Debug_static|x64
		Debug|Win32 = Debug|Win32
		Debug|x64 = Debug|x64
		MinSizeRel|Win32 = MinSizeRel|Win32
		MinSizeRel|x64 = MinSizeRel|x64
		Release Multithreaded|Win32 = Release Multithreaded|Win32
		Release Multithreaded|x64 = Release Multithreaded|x64
		Release Singlethreaded|Win32 = Release Singlethreaded|Win32
		Release Singlethreaded|x64 = Release Singlethreaded|x64
		Release_shared|Win32 = Release_shared|Win32
		Release_shared|x64 = Release_shared|x64
		Release_static|Win32 = Release_static|Win32
		Release_static|x64 = Release_static|x64
		Release|Win32 = Release|Win32
		Release|x64 = Release|x64
		RelWithDebInfo|Win32 = RelWithDebInfo|Win32
		RelWithDebInfo|x64 = RelWithDebInfo|x64
	EndGlobalSection
	GlobalSection(ProjectConfigurationPlatforms) = postSolution
		{E919F187-2B3C-3A31-A009-CD01741C3CB0}.Debug Multithreaded|Win32.ActiveCfg = Debug|Win32
		{E919F187-2B3C-3A31-A009-CD01741C3CB0}.Debug Multithreaded|Win32.Build.0 = Debug|Win32
		{E919F187-2B3C-3A31-A009-CD01741C3CB0}.Debug Multithreaded|Win32.Deploy.0 = Debug|Win32
		{E919F187-2B3C-3A31-A009-CD01741C3CB0}.Debug Multithreaded|x64.ActiveCfg = Debug|x64
		{E919F187-2B3C-3A31-A009-CD01741C3CB0}.Debug Multithreaded|x64.Build.0 = Debug|x64
		{E919F187-2B3C-3A31-A009-CD01741C3CB0}.Debug Multithreaded|x64.Deploy.0 = Debug|x64
		{E919F187-2B3C-3A31-A009-CD01741C3CB0}.Debug Singlethreaded|Win32.ActiveCfg = Debug|Win32
		{E919F187-2B3C-3A31-A009-CD01741C3CB0}.Debug Singlethreaded|Win32.Build.0 = Debug|Win32
		{E919F187-2B3C-3A31-A009-CD01741C3CB0}.Debug Singlethreaded|Win32.Deploy.0 = Debug|Win32
		{E919F187-2B3C-3A31-A009-CD01741C3CB0}.Debug Singlethreaded|x64.ActiveCfg = Debug|x64
		{E919F187-2B3C-3A31-A009-CD01741C3CB0}.Debug Singlethreaded|x64.Build.0 = Debug|x64
		{E919F187-2B3C-3A31-A009-CD01741C3CB0}.Debug Singlethreaded|x64.Deploy.0 = Debug|x64
		{E919F187-2B3C-3A31-A009-CD01741C3CB0}.Debug_shared|Win32.ActiveCfg = Debug|Win32
		{E919F187-2B3C-3A31-A009-CD01741C3CB0}.Debug_shared|Win32.Build.0 = Debug|Win32
		{E919F187-2B3C-3A31-A009-CD01741C3CB0}.Debug_shared|Win32.Deploy.0 = Debug|Win32
		{E919F187-2B3C-3A31-A009-CD01741C3CB0}.Debug_shared|x64.ActiveCfg = Debug|x64
		{E919F187-2B3C-3A31-A009-CD01741C3CB0}.Debug_shared|x64.Build.0 = Debug|x64
		{E919F187-2B3C-3A31-A009-CD01741C3CB0}.Debug_shared|x64.Deploy.0 = Debug|x64
		{E919F187-2B3C-3A31-A009-CD01741C3CB0}.Debug_static|Win32.ActiveCfg = Debug|Win32
		{E919F187-2B3C-3A31-A009-CD01741C3CB0}.Debug_static|Win32.Build.0 = Debug|Win32
		{E919F187-2B3C-3A31-A009-CD01741C3CB0}.Debug_static|Win32.Deploy.0 = Debug|Win32
		{E919F187-2B3C-3A31-A009-CD01741C3CB0}.Debug_static|x64.ActiveCfg = Debug|x64
		{E919F187-2B3C-3A31-A009-CD01741C3CB0}.Debug_static|x64.Build.0 = Debug|x64
		{E919F187-2B3C-3A31-A009-CD01741C3CB0}.Debug_static|x64.Deploy.0 = Debug|x64
		{E919F187-2B3C-3A31-A009-CD01741C3CB0}.Debug|Win32.ActiveCfg = Debug|Win32
		{E919F187-2B3C-3A31-A009-CD01741C3CB0}.Debug|Win32.Build.0 = Debug|Win32
		{E919F187-2B3C-3A31-A009-CD01741C3CB0}.Debug|x64.ActiveCfg = Debug|x64
		{E919F187-2B3C-3A31-A009-CD01741C3CB0}.Debug|x64.Build.0 = Debug|x64
		{E919F187-2B3C-3A31-A009-CD01741C3CB0}.MinSizeRel|Win32.ActiveCfg = MinSizeRel|Win32
		{E919F187-2B3C-3A31-A009-CD01741C3CB0}.MinSizeRel|Win32.Build.0 = MinSizeRel|Win32
		{E919F187-2B3C-3A31-A009-CD01741C3CB0}.MinSizeRel|x64.ActiveCfg = MinSizeRel|x64
		{E919F187-2B3C-3A31-A009-CD01741C3CB0}.MinSizeRel|x64.Build.0 = MinSizeRel|x64
		{E919F187-2B3C-3A31-A009-CD01741C3CB0}.Release Multithreaded|Win32.ActiveCfg = Release|Win32
		{E919F187-2B3C-3A31-A009-CD01741C3CB0}.Release Multithreaded|Win32.Build.0 = Release|Win32
		{E919F187-2B3C-3A31-A009-CD01741C3CB0}.Release Multithreaded|Win32.Deploy.0 = Release|Win32
		{E919F187-2B3C-3A31-A009-CD01741C3CB0}.Release Multithreaded|x64.ActiveCfg = Release|x64
		{E919F187-2B3C-3A31-A009-CD01741C3CB0}.Release Multithreaded|x64.Build.0 = Release|x64
		{E919F187-2B3C-3A31-A009-CD01741C3CB0}.Release Multithreaded|x64.Deploy.0 = Release|x64
		{E919F187-2B3C-3A31-A009-CD01741C3CB0}.Release Singlethreaded|Win32.ActiveCfg = Release|Win32
		{E919F187-2B3C-3A31-A009-CD01741C3CB0}.Release Singlethreaded|Win32.Build.0 = Release|Win32
		{E919F187-2B3C-3A31-A009-CD01741C3CB0}.Release Singlethreaded|Win32.Deploy.0 = Release|Win32
		{E919F187-2B3C-3A31-A009-CD01741C3CB0}.Release Singlethreaded|x64.ActiveCfg = Release|x64
		{E919F187-2B3C-3A31-A009-CD01741C3CB0}.Release Singlethreaded|x64.Build.0 = Release|x64
		{E919F187-2B3C-3A31-A009-CD01741C3CB0}.Release Singlethreaded|x64.Deploy.0 = Release|x64
		{E919F187-2B3C-3A31-A009-CD01741C3CB0}.Release_shared|Win32.ActiveCfg = Release|Win32
		{E919F187-2B3C-3A31-A009-CD01741C3CB0}.Release_shared|Win32.Build.0 = Release|Win32
		{E919F187-2B3C-3A31-A009-CD01741C3CB0}.Release_shared|Win32.Deploy.0 = Release|Win32
		{E919F187-2B3C-3A31-A009-CD01741C3CB0}.Release_shared|x64.ActiveCfg = Release|x64
		{E919F187-2B3C-3A31-A009-CD01741C3CB0}.Release_shared|x64.Build.0 = Release|x64
		{E919F187-2B3C-3A31-A009-CD01741C3CB0}.Release_shared|x64.Deploy.0 = Release|x64
		{E919F187-2B3C-3A31-A009-CD01741C3CB0}.Release_static|Win32.ActiveCfg = Release|Win32
		{E919F187-2B3C-3A31-A009-CD01741C3CB0}.Release_static|Win32.Build.0 = Release|Win32
		{E919F187-2B3C-3A31-A009-CD01741C3CB0}.Release_static|Win32.Deploy.0 = Release|Win32
		{E919F187-2B3C-3A31-A009-CD01741C3CB0}.Release_static|x64.ActiveCfg = Release|x64
		{E919F187-2B3C-3A31-A009-CD01741C3CB0}.Release_static|x64.Build.0 = Release|x64
		{E919F187-2B3C-3A31-A009-CD01741C3CB0}.Release_static|x64.Deploy.0 = Release|x64
		{E919F187-2B3C-3A31-A009-CD01741C3CB0}.Release|Win32.ActiveCfg = Release|Win32
		{E919F187-2B3C-3A31-A009-CD01741C3CB0}.Release|Win32.Build.0 = Release|Win32
		{E919F187-2B3C-3A31-A009-CD01741C3CB0}.Release|x64.ActiveCfg = Release|x64
		{E919F187-2B3C-3A31-A009-CD01741C3CB0}.Release|x64.Build.0 = Release|x64
		{E919F187-2B3C-3A31-A009-CD01741C3CB0}.RelWithDebInfo|Win32.ActiveCfg = RelWithDebInfo|Win32
		{E919F187-2B3C-3A31-A009-CD01741C3CB0}.RelWithDebInfo|Win32.Build.0 = RelWithDebInfo|Win32
		{E919F187-2B3C-3A31-A009-CD01741C3CB0}.RelWithDebInfo|x64.ActiveCfg = RelWithDebInfo|x64
		{E919F187-2B3C-3A31-A009-CD01741C3CB0}.RelWithDebInfo|x64.Build.0 = RelWithDebInfo|x64
		{CD33C671-F5AF-34E4-A29B-7755105E7DB0}.Debug Multithreaded|Win32.ActiveCfg = Debug|Win32
		{CD33C671-F5AF-34E4-A29B-7755105E7DB0}.Debug Multithreaded|Win32.Build.0 = Debug|Win32
		{CD33C671-F5AF-34E4-A29B-7755105E7DB0}.Debug Multithreaded|Win32.Deploy.0 = Debug|Win32
		{CD33C671-F5AF-34E4-A29B-7755105E7DB0}.Debug Multithreaded|x64.ActiveCfg = Debug|x64
		{CD33C671-F5AF-34E4-A29B-7755105E7DB0}.Debug Multithreaded|x64.Build.0 = Debug|x64
		{CD33C671-F5AF-34E4-A29B-7755105E7DB0}.Debug Multithreaded|x64.Deploy.0 = Debug|x64
		{CD33C671-F5AF-34E4-A29B-7755105E7DB0}.Debug Singlethreaded|Win32.ActiveCfg = Debug|Win32
		{CD33C671-F5AF-34E4-A29B-7755105E7DB0}.Debug Singlethreaded|Win32.Build.0 = Debug|Win32
		{CD33C671-F5AF-34E4-A29B-7755105E7DB0}.Debug Singlethreaded|Win32.Deploy.0 = Debug|Win32
		{CD33C671-F5AF-34E4-A29B-7755105E7DB0}.Debug Singlethreaded|x64.ActiveCfg = Debug|x64
		{CD33C671-F5AF-34E4-A29B-7755105E7DB0}.Debug Singlethreaded|x64.Build.0 = Debug|x64
		{CD33C671-F5AF-34E4-A29B-7755105E7DB0}.Debug Singlethreaded|x64.Deploy.0 = Debug|x64
		{CD33C671-F5AF-34E4-A29B-7755105E7DB0}.Debug_shared|Win32.ActiveCfg = Debug|Win32
		{CD33C671-F5AF-34E4-A29B-7755105E7DB0}.Debug_shared|Win32.Build.0 = Debug|Win32
		{CD33C671-F5AF-34E4-A29B-7755105E7DB0}.Debug_shared|Win32.Deploy.0 = Debug|Win32
		{CD33C671-F5AF-34E4-A29B-7755105E7DB0}.Debug_shared|x64.ActiveCfg = Debug|x64
		{CD33C671-F5AF-34E4-A29B-7755105E7DB0}.Debug_shared|x64.Build.0 = Debug|x64
		{CD33C671-F5AF-34E4-A29B-7755105E7DB0}.Debug_shared|x64.Deploy.0 = Debug|x64
		{CD33C671-F5AF-34E4-A29B-7755105E7DB0}.Debug_static|Win32.ActiveCfg = Debug|Win32
		{CD33C671-F5AF-34E4-A29B-7755105E7DB0}.Debug_static|Win32.Build.0 = Debug|Win32
		{CD33C671-F5AF-34E4-A29B-7755105E7DB0}.Debug_static|Win32.Deploy.0 = Debug|Win32
		{CD33C671-F5AF-34E4-A29B-7755105E7DB0}.Debug_static|x64.ActiveCfg = Debug|x64
		{CD33C671-F5AF-34E4-A29B-7755105E7DB0}.Debug_static|x64.Build.0 = Debug|x64
		{CD33C671-F5AF-34E4-A29B-7755105E7DB0}.Debug_static|x64.Deploy.0 = Debug|x64
		{CD33C671-F5AF-34E4-A29B-7755105E7DB0}.Debug|Win32.ActiveCfg = Debug|Win32
		{CD33C671-F5AF-34E4-A29B-7755105E7DB0}.Debug|Win32.Build.0 = Debug|Win32
		{CD33C671-F5AF-34E4-A29B-7755105E7DB0}.Debug|x64.ActiveCfg = Debug|x64
		{CD33C671-F5AF-34E4-A29B-7755105E7DB0}.Debug|x64.Build.0 = Debug|x64
		{CD33C671-F5AF-34E4-A29B-7755105E7DB0}.MinSizeRel|Win32.ActiveCfg = MinSizeRel|Win32
		{CD33C671-F5AF-34E4-A29B-7755105E7DB0}.MinSizeRel|Win32.Build.0 = MinSizeRel|Win32
		{CD33C671-F5AF-34E4-A29B-7755105E7DB0}.MinSizeRel|x64.ActiveCfg = MinSizeRel|x64
		{CD33C671-F5AF-34E4-A29B-7755105E7DB0}.MinSizeRel|x64.Build.0 = MinSizeRel|x64
		{CD33C671-F5AF-34E4-A29B-7755105E7DB0}.Release Multithreaded|Win32.ActiveCfg = Release|Win32
		{CD33C671-F5AF-34E4-A29B-7755105E7DB0}.Release Multithreaded|Win32.Build.0 = Release|Win32
		{CD33C671-F5AF-34E4-A29B-7755105E7DB0}.Release Multithreaded|Win32.Deploy.0 = Release|Win32
		{CD33C671-F5AF-34E4-A29B-7755105E7DB0}.Release Multithreaded|x64.ActiveCfg = Release|x64
		{CD33C671-F5AF-34E4-A29B-7755105E7DB0}.Release Multithreaded|x64.Build.0 = Release|x64
		{CD33C671-F5AF-34E4-A29B-7755105E7DB0}.Release Multithreaded|x64.Deploy.0 = Release|x64
		{CD33C671-F5AF-34E4-A29B-7755105E7DB0}.Release Singlethreaded|Win32.ActiveCfg = Release|Win32
		{CD33C671-F5AF-34E4-A29B-7755105E7DB0}.Release Singlethreaded|Win32.Build.0 = Release|Win32
		{CD33C671-F5AF-34E4-A29B-7755105E7DB0}.Release Singlethreaded|Win32.Deploy.0 = Release|Win32
		{CD33C671-F5AF-34E4-A29B-7755105E7DB0}.Release Singlethreaded|x64.ActiveCfg = Release|x64
		{CD33C671-F5AF-34E4-A29B-7755105E7DB0}.Release Singlethreaded|x64.Build.0 = Release|x64
		{CD33C671-F5AF-34E4-A29B-7755105E7DB0}.Release Singlethreaded|x64.Deploy.0 = Release|x64
		{CD33C671-F5AF-34E4-A29B-7755105E7DB0}.Release_shared|Win32.ActiveCfg = Release|Win32
		{CD33C671-F5AF-34E4-A29B-7755105E7DB0}.Release_shared|Win32.Build.0 = Release|Win32
		{CD33C671-F5AF-34E4-A29B-7755105E7DB0}.Release_shared|Win32.Deploy.0 = Release|Win32
		{CD33C671-F5AF-34E4-A29B-7755105E7DB0}.Release_shared|x64.ActiveCfg = Release|x64
		{CD33C671-F5AF-34E4-A29B-7755105E7DB0}.Release_shared|x64.Build.0 = Release|x64
		{CD33C671-F5AF-34E4-A29B-7755105E7DB0}.Release_shared|x64.Deploy.0 = Release|x64
		{CD33C671-F5AF-34E4-A29B-7755105E7DB0}.Release_static|Win32.ActiveCfg = Release|Win32
		{CD33C671-F5AF-34E4-A29B-7755105E7DB0}.Release_static|Win32.Build.0 = Release|Win32
		{CD33C671-F5AF-34E4-A29B-7755105E7DB0}.Release_static|Win32.Deploy.0 = Release|Win32
		{CD33C671-F5AF-34E4-A29B-7755105E7DB0}.Release_static|x64.ActiveCfg = Release|x64
		{CD33C671-F5AF-34E4-A29B-7755105E7DB0}.Release_static|x64.Build.0 = Release|x64
		{CD33C671-F5AF-34E4-A29B-7755105E7DB0}.Release_static|x64.Deploy.0 = Release|x64
		{CD33C671-F5AF-34E4-A29B-7755105E7DB0}.Release|Win32.ActiveCfg = Release|Win32
		{CD33C671-F5AF-34E4-A29B-7755105E7DB0}.Release|Win32.Build.0 = Release|Win32
		{CD33C671-F5AF-34E4-A29B-7755105E7DB0}.Release|x64.ActiveCfg = Release|x64
		{CD33C671-F5AF-34E4-A29B-7755105E7DB0}.Release|x64.Build.0 = Release|x64
		{CD33C671-F5AF-34E4-A29B-7755105E7DB0}.RelWithDebInfo|Win32.ActiveCfg = RelWithDebInfo|Win32
		{CD33C671-F5AF-34E4-A29B-7755105E7DB0}.RelWithDebInfo|Win32.Build.0 = RelWithDebInfo|Win32
		{CD33C671-F5AF-34E4-A29B-7755105E7DB0}.RelWithDebInfo|x64.ActiveCfg = RelWithDebInfo|x64
		{CD33C671-F5AF-34E4-A29B-7755105E7DB0}.RelWithDebInfo|x64.Build.0 = RelWithDebInfo|x64
		{FA159C15-8A44-3C01-9F79-DB0C26894921}.Debug Multithreaded|Win32.ActiveCfg = Debug|Win32
		{FA159C15-8A44-3C01-9F79-DB0C26894921}.Debug Multithreaded|Win32.Build.0 = Debug|Win32
		{FA159C15-8A44-3C01-9F79-DB0C26894921}.Debug Multithreaded|x64.ActiveCfg = Debug|x64
		{FA159C15-8A44-3C01-9F79-DB0C26894921}.Debug Multithreaded|x64.Build.0 = Debug|x64
		{FA159C15-8A44-3C01-9F79-DB0C26894921}.Debug Singlethreaded|Win32.ActiveCfg = Debug|Win32
		{FA159C15-8A44-3C01-9F79-DB0C26894921}.Debug Singlethreaded|Win32.Build.0 = Debug|Win32
		{FA159C15-8A44-3C01-9F79-DB0C26894921}.Debug Singlethreaded|x64.ActiveCfg = Debug|x64
		{FA159C15-8A44-3C01-9F79-DB0C26894921}.Debug Singlethreaded|x64.Build.0 = Debug|x64
		{FA159C15-8A44-3C01-9F79-DB0C26894921}.Debug_shared|Win32.ActiveCfg = Debug|Win32
		{FA159C15-8A44-3C01-9F79-DB0C26894921}.Debug_shared|Win32.Build.0 = Debug|Win32
		{FA159C15-8A44-3C01-9F79-DB0C26894921}.Debug_shared|x64.ActiveCfg = Debug|x64
		{FA159C15-8A44-3C01-9F79-DB0C26894921}.Debug_shared|x64.Build.0 = Debug|x64
		{FA159C15-8A44-3C01-9F79-DB0C26894921}.Debug_static|Win32.ActiveCfg = Debug|Win32
		{FA159C15-8A44-3C01-9F79-DB0C26894921}.Debug_static|Win32.Build.0 = Debug|Win32
		{FA159C15-8A44-3C01-9F79-DB0C26894921}.Debug_static|x64.ActiveCfg = Debug|x64
		{FA159C15-8A44-3C01-9F79-DB0C26894921}.Debug_static|x64.Build.0 = Debug|x64
		{FA159C15-8A44-3C01-9F79-DB0C26894921}.Debug|Win32.ActiveCfg = Debug|Win32
		{FA159C15-8A44-3C01-9F79-DB0C26894921}.Debug|Win32.Build.0 = Debug|Win32
		{FA159C15-8A44-3C01-9F79-DB0C26894921}.Debug|x64.ActiveCfg = Debug|x64
		{FA159C15-8A44-3C01-9F79-DB0C26894921}.Debug|x64.Build.0 = Debug|x64
		{FA159C15-8A44-3C01-9F79-DB0C26894921}.MinSizeRel|Win32.ActiveCfg = MinSizeRel|Win32
		{FA159C15-8A44-3C01-9F79-DB0C26894921}.MinSizeRel|Win32.Build.0 = MinSizeRel|Win32
		{FA159C15-8A44-3C01-9F79-DB0C26894921}.MinSizeRel|x64.ActiveCfg = MinSizeRel|x64
		{FA159C15-8A44-3C01-9F79-DB0C26894921}.MinSizeRel|x64.Build.0 = MinSizeRel|x64
		{FA159C15-8A44-3C01-9F79-DB0C26894921}.Release Multithreaded|Win32.ActiveCfg = Release|Win32
		{FA159C15-8A44-3C01-9F79-DB0C26894921}.Release Multithreaded|Win32.Build.0 = Release|Win32
		{FA159C15-8A44-3C01-9F79-DB0C26894921}.Release Multithreaded|x64.ActiveCfg = Release|x64
		{FA159C15-8A44-3C01-9F79-DB0C26894921}.Release Multithreaded|x64.Build.0 = Release|x64
		{FA159C15-8A44-3C01-9F79-DB0C26894921}.Release Singlethreaded|Win32.ActiveCfg = Release|Win32
		{FA159C15-8A44-3C01-9F79-DB0C26894921}.Release Singlethreaded|Win32.Build.0 = Release|Win32
		{FA159C15-8A44-3C01-9F79-DB0C26894921}.Release Singlethreaded|x64.ActiveCfg = Release|x64
		{FA159C15-8A44-3C01-9F79-DB0C26894921}.Release Singlethreaded|x64.Build.0 = Release|x64
		{FA159C15-8A44-3C01-9F79-DB0C26894921}.Release_shared|Win32.ActiveCfg = Release|Win32
		{FA159C15-8A44-3C01-9F79-DB0C26894921}.Release_shared|Win32.Build.0 = Release|Win32
		{FA159C15-8A44-3C01-9F79-DB0C26894921}.Release_shared|x64.ActiveCfg = Release|x64
		{FA159C15-8A44-3C01-9F79-DB0C26894921}.Release_shared|x64.Build.0 = Release|x64
		{FA159C15-8A44-3C01-9F79-DB0C26894921}.Release_static|Win32.ActiveCfg = Release|Win32
		{FA159C15-8A44-3C01-9F79-DB0C26894921}.Release_static|Win32.Build.0 = Release|Win32
		{FA159C15-8A44-3C01-9F79-DB0C26894921}.Release_static|x64.ActiveCfg = Release|x64
		{FA159C15-8A44-3C01-9F79-DB0C26894921}.Release_static|x64.Build.0 = Release|x64
		{FA159C15-8A44-3C01-9F79-DB0C26894921}.Release|Win32.ActiveCfg = Release|Win32
		{FA159C15-8A44-3C01-9F79-DB0C26894921}.Release|Win32.Build.0 = Release|Win32
		{FA159C15-8A44-3C01-9F79-DB0C26894921}.Release|x64.ActiveCfg = Release|x64
		{FA159C15-8A44-3C01-9F79-DB0C26894921}.Release|x64.Build.0 = Release|x64
		{FA159C15-8A44-3C01-9F79-DB0C26894921}.RelWithDebInfo|Win32.ActiveCfg = RelWithDebInfo|Win32
		{FA159C15-8A44-3C01-9F79-DB0C26894921}.RelWithDebInfo|Win32.Build.0 = RelWithDebInfo|Win32
		{FA159C15-8A44-3C01-9F79-DB0C26894921}.RelWithDebInfo|x64.ActiveCfg = RelWithDebInfo|x64
		{FA159C15-8A44-3C01-9F79-DB0C26894921}.RelWithDebInfo|x64.Build.0 = RelWithDebInfo|x64
		{40040D69-017F-319F-9729-173C346F94D7}.Debug Multithreaded|Win32.ActiveCfg = Debug|Win32
		{40040D69-017F-319F-9729-173C346F94D7}.Debug Multithreaded|Win32.Build.0 = Debug|Win32
		{40040D69-017F-319F-9729-173C346F94D7}.Debug Multithreaded|x64.ActiveCfg = Debug|x64
		{40040D69-017F-319F-9729-173C346F94D7}.Debug Multithreaded|x64.Build.0 = Debug|x64
		{40040D69-017F-319F-9729-173C346F94D7}.Debug Singlethreaded|Win32.ActiveCfg = Debug|Win32
		{40040D69-017F-319F-9729-173C346F94D7}.Debug Singlethreaded|Win32.Build.0 = Debug|Win32
		{40040D69-017F-319F-9729-173C346F94D7}.Debug Singlethreaded|x64.ActiveCfg = Debug|x64
		{40040D69-017F-319F-9729-173C346F94D7}.Debug Singlethreaded|x64.Build.0 = Debug|x64
		{40040D69-017F-319F-9729-173C346F94D7}.Debug_shared|Win32.ActiveCfg = Debug|Win32
		{40040D69-017F-319F-9729-173C346F94D7}.Debug_shared|Win32.Build.0 = Debug|Win32
		{40040D69-017F-319F-9729-173C346F94D7}.Debug_shared|x64.ActiveCfg = Debug|x64
		{40040D69-017F-319F-9729-173C346F94D7}.Debug_shared|x64.Build.0 = Debug|x64
		{40040D69-017F-319F-9729-173C346F94D7}.Debug_static|Win32.ActiveCfg = Debug|Win32
		{40040D69-017F-319F-9729-173C346F94D7}.Debug_static|Win32.Build.0 = Debug|Win32
		{40040D69-017F-319F-9729-173C346F94D7}.Debug_static|x64.ActiveCfg = Debug|x64
		{40040D69-017F-319F-9729-173C346F94D7}.Debug_static|x64.Build.0 = Debug|x64
		{40040D69-017F-319F-9729-173C346F94D7}.Debug|Win32.ActiveCfg = Debug|Win32
		{40040D69-017F-319F-9729-173C346F94D7}.Debug|Win32.Build.0 = Debug|Win32
		{40040D69-017F-319F-9729-173C346F94D7}.Debug|x64.ActiveCfg = Debug|x64
		{40040D69-017F-319F-9729-173C346F94D7}.Debug|x64.Build.0 = Debug|x64
		{40040D69-017F-319F-9729-173C346F94D7}.MinSizeRel|Win32.ActiveCfg = MinSizeRel|Win32
		{40040D69-017F-319F-9729-173C346F94D7}.MinSizeRel|Win32.Build.0 = MinSizeRel|Win32
		{40040D69-017F-319F-9729-173C346F94D7}.MinSizeRel|x64.ActiveCfg = MinSizeRel|x64
		{40040D69-017F-319F-9729-173C346F94D7}.MinSizeRel|x64.Build.0 = MinSizeRel|x64
		{40040D69-017F-319F-9729-173C346F94D7}.Release Multithreaded|Win32.ActiveCfg = Release|Win32
		{40040D69-017F-319F-9729-173C346F94D7}.Release Multithreaded|Win32.Build.0 = Release|Win32
		{40040D69-017F-319F-9729-173C346F94D7}.Release Multithreaded|x64.ActiveCfg = Release|x64
		{40040D69-017F-319F-9729-173C346F94D7}.Release Multithreaded|x64.Build.0 = Release|x64
		{40040D69-017F-319F-9729-173C346F94D7}.Release Singlethreaded|Win32.ActiveCfg = Release|Win32
		{40040D69-017F-319F-9729-173C346F94D7}.Release Singlethreaded|Win32.Build.0 = Release|Win32
		{40040D69-017F-319F-9729-173C346F94D7}.Release Singlethreaded|x64.ActiveCfg = Release|x64
		{40040D69-017F-319F-9729-173C346F94D7}.Release Singlethreaded|x64.Build.0 = Release|x64
		{40040D69-017F-319F-9729-173C346F94D7}.Release_shared|Win32.ActiveCfg = Release|Win32
		{40040D69-017F-319F-9729-173C346F94D7}.Release_shared|Win32.Build.0 = Release|Win32
		{40040D69-017F-319F-9729-173C346F94D7}.Release_shared|x64.ActiveCfg = Release|x64
		{40040D69-017F-319F-9729-173C346F94D7}.Release_shared|x64.Build.0 = Release|x64
		{40040D69-017F-319F-9729-173C346F94D7}.Release_static|Win32.ActiveCfg = Release|Win32
		{40040D69-017F-319F-9729-173C346F94D7}.Release_static|Win32.Build.0 = Release|Win32
		{40040D69-017F-319F-9729-173C346F94D7}.Release_static|x64.ActiveCfg = Release|x64
		{40040D69-017F-319F-9729-173C346F94D7}.Release_static|x64.Build.0 = Release|x64
		{40040D69-017F-319F-9729-173C346F94D7}.Release|Win32.ActiveCfg = Release|Win32
		{40040D69-017F-319F-9729-173C346F94D7}.Release|Win32.Build.0 = Release|Win32
		{40040D69-017F-319F-9729-173C346F94D7}.Release|x64.ActiveCfg = Release|x64
		{40040D69-017F-319F-9729-173C346F94D7}.Release|x64.Build.0 = Release|x64
		{40040D69-017F-319F-9729-173C346F94D7}.RelWithDebInfo|Win32.ActiveCfg = RelWithDebInfo|Win32
		{40040D69-017F-319F-9729-173C346F94D7}.RelWithDebInfo|Win32.Build.0 = RelWithDebInfo|Win32
		{40040D69-017F-319F-9729-173C346F94D7}.RelWithDebInfo|x64.ActiveCfg = RelWithDebInfo|x64
		{40040D69-017F-319F-9729-173C346F94D7}.RelWithDebInfo|x64.Build.0 = RelWithDebInfo|x64
		{990AD493-294E-37EC-AD0E-CADFBDD7C6B6}.Debug Multithreaded|Win32.ActiveCfg = Debug|Win32
		{990AD493-294E-37EC-AD0E-CADFBDD7C6B6}.Debug Multithreaded|Win32.Build.0 = Debug|Win32
		{990AD493-294E-37EC-AD0E-CADFBDD7C6B6}.Debug Multithreaded|x64.ActiveCfg = Debug|x64
		{990AD493-294E-37EC-AD0E-CADFBDD7C6B6}.Debug Multithreaded|x64.Build.0 = Debug|x64
		{990AD493-294E-37EC-AD0E-CADFBDD7C6B6}.Debug Singlethreaded|Win32.ActiveCfg = Debug|Win32
		{990AD493-294E-37EC-AD0E-CADFBDD7C6B6}.Debug Singlethreaded|Win32.Build.0 = Debug|Win32
		{990AD493-294E-37EC-AD0E-CADFBDD7C6B6}.Debug Singlethreaded|x64.ActiveCfg = Debug|x64
		{990AD493-294E-37EC-AD0E-CADFBDD7C6B6}.Debug Singlethreaded|x64.Build.0 = Debug|x64
		{990AD493-294E-37EC-AD0E-CADFBDD7C6B6}.Debug_shared|Win32.ActiveCfg = Debug|Win32
		{990AD493-294E-37EC-AD0E-CADFBDD7C6B6}.Debug_shared|Win32.Build.0 = Debug|Win32
		{990AD493-294E-37EC-AD0E-CADFBDD7C6B6}.Debug_shared|x64.ActiveCfg = Debug|x64
		{990AD493-294E-37EC-AD0E-CADFBDD7C6B6}.Debug_shared|x64.Build.0 = Debug|x64
		{990AD493-294E-37EC-AD0E-CADFBDD7C6B6}.Debug_static|Win32.ActiveCfg = Debug|Win32
		{990AD493-294E-37EC-AD0E-CADFBDD7C6B6}.Debug_static|Win32.Build.0 = Debug|Win32
		{990AD493-294E-37EC-AD0E-CADFBDD7C6B6}.Debug_static|x64.ActiveCfg = Debug|x64
		{990AD493-294E-37EC-AD0E-CADFBDD7C6B6}.Debug_static|x64.Build.0 = Debug|x64
		{990AD493-294E-37EC-AD0E-CADFBDD7C6B6}.Debug|Win32.ActiveCfg = Debug|Win32
		{990AD493-294E-37EC-AD0E-CADFBDD7C6B6}.Debug|Win32.Build.0 = Debug|Win32
		{990AD493-294E-37EC-AD0E-CADFBDD7C6B6}.Debug|x64.ActiveCfg = Debug|x64
		{990AD493-294E-37EC-AD0E-CADFBDD7C6B6}.Debug|x64.Build.0 = Debug|x64
		{990AD493-294E-37EC-AD0E-CADFBDD7C6B6}.MinSizeRel|Win32.ActiveCfg = MinSizeRel|Win32
		{990AD493-294E-37EC-AD0E-CADFBDD7C6B6}.MinSizeRel|Win32.Build.0 = MinSizeRel|Win32
		{990AD493-294E-37EC-AD0E-CADFBDD7C6B6}.MinSizeRel|x64.ActiveCfg = MinSizeRel|x64
		{990AD493-294E-37EC-AD0E-CADFBDD7C6B6}.MinSizeRel|x64.Build.0 = MinSizeRel|x64
		{990AD493-294E-37EC-AD0E-CADFBDD7C6B6}.Release Multithreaded|Win32.ActiveCfg = Release|Win32
		{990AD493-294E-37EC-AD0E-CADFBDD7C6B6}.Release Multithreaded|Win32.Build.0 = Release|Win32
		{990AD493-294E-37EC-AD0E-CADFBDD7C6B6}.Release Multithreaded|x64.ActiveCfg = Release|x64
		{990AD493-294E-37EC-AD0E-CADFBDD7C6B6}.Release Multithreaded|x64.Build.0 = Release|x64
		{990AD493-294E-37EC-AD0E-CADFBDD7C6B6}.Release Singlethreaded|Win32.ActiveCfg = Release|Win32
		{990AD493-294E-37EC-AD0E-CADFBDD7C6B6}.Release Singlethreaded|Win32.Build.0 = Release|Win32
		{990AD493-294E-37EC-AD0E-CADFBDD7C6B6}.Release Singlethreaded|x64.ActiveCfg = Release|x64
		{990AD493-294E-37EC-AD0E-CADFBDD7C6B6}.Release Singlethreaded|x64.Build.0 = Release|x64
		{990AD493-294E-37EC-AD0E-CADFBDD7C6B6}.Release_shared|Win32.ActiveCfg = Release|Win32
		{990AD493-294E-37EC-AD0E-CADFBDD7C6B6}.Release_shared|Win32.Build.0 = Release|Win32
		{990AD493-294E-37EC-AD0E-CADFBDD7C6B6}.Release_shared|x64.ActiveCfg = Release|x64
		{990AD493-294E-37EC-AD0E-CADFBDD7C6B6}.Release_shared|x64.Build.0 = Release|x64
		{990AD493-294E-37EC-AD0E-CADFBDD7C6B6}.Release_static|Win32.ActiveCfg = Release|Win32
		{990AD493-294E-37EC-AD0E-CADFBDD7C6B6}.Release_static|Win32.Build.0 = Release|Win32
		{990AD493-294E-37EC-AD0E-CADFBDD7C6B6}.Release_static|x64.ActiveCfg = Release|x64
		{990AD493-294E-37EC-AD0E-CADFBDD7C6B6}.Release_static|x64.Build.0 = Release|x64
		{990AD493-294E-37EC-AD0E-CADFBDD7C6B6}.Release|Win32.ActiveCfg = Release|Win32
		{990AD493-294E-37EC-AD0E-CADFBDD7C6B6}.Release|Win32.Build.0 = Release|Win32
		{990AD493-294E-37EC-AD0E-CADFBDD7C6B6}.Release|x64.ActiveCfg = Release|x64
		{990AD493-294E-37EC-AD0E-CADFBDD7C6B6}.Release|x64.Build.0 = Release|x64
		{990AD493-294E-37EC-AD0E-CADFBDD7C6B6}.RelWithDebInfo|Win32.ActiveCfg = RelWithDebInfo|Win32
		{990AD493-294E-37EC-AD0E-CADFBDD7C6B6}.RelWithDebInfo|Win32.Build.0 = RelWithDebInfo|Win32
		{990AD493-294E-37EC-AD0E-CADFBDD7C6B6}.RelWithDebInfo|x64.ActiveCfg = RelWithDebInfo|x64
		{990AD493-294E-37EC-AD0E-CADFBDD7C6B6}.RelWithDebInfo|x64.Build.0 = RelWithDebInfo|x64
		{7C2A6EFD-DF59-4A57-ABC0-E61383AAAE9F}.Debug Multithreaded|Win32.ActiveCfg = Debug|Win32
		{7C2A6EFD-DF59-4A57-ABC0-E61383AAAE9F}.Debug Multithreaded|Win32.Build.0 = Debug|Win32
		{7C2A6EFD-DF59-4A57-ABC0-E61383AAAE9F}.Debug Multithreaded|Win32.Deploy.0 = Debug|Win32
		{7C2A6EFD-DF59-4A57-ABC0-E61383AAAE9F}.Debug Multithreaded|x64.ActiveCfg = Debug|x64
		{7C2A6EFD-DF59-4A57-ABC0-E61383AAAE9F}.Debug Multithreaded|x64.Build.0 = Debug|x64
		{7C2A6EFD-DF59-4A57-ABC0-E61383AAAE9F}.Debug Multithreaded|x64.Deploy.0 = Debug|x64
		{7C2A6EFD-DF59-4A57-ABC0-E61383AAAE9F}.Debug Singlethreaded|Win32.ActiveCfg = Debug|Win32
		{7C2A6EFD-DF59-4A57-ABC0-E61383AAAE9F}.Debug Singlethreaded|Win32.Build.0 = Debug|Win32
		{7C2A6EFD-DF59-4A57-ABC0-E61383AAAE9F}.Debug Singlethreaded|Win32.Deploy.0 = Debug|Win32
		{7C2A6EFD-DF59-4A57-ABC0-E61383AAAE9F}.Debug Singlethreaded|x64.ActiveCfg = Debug|x64
		{7C2A6EFD-DF59-4A57-ABC0-E61383AAAE9F}.Debug Singlethreaded|x64.Build.0 = Debug|x64
		{7C2A6EFD-DF59-4A57-ABC0-E61383AAAE9F}.Debug Singlethreaded|x64.Deploy.0 = Debug|x64
		{7C2A6EFD-DF59-4A57-ABC0-E61383AAAE9F}.Debug_shared|Win32.ActiveCfg = Debug|Win32
		{7C2A6EFD-DF59-4A57-ABC0-E61383AAAE9F}.Debug_shared|Win32.Build.0 = Debug|Win32
		{7C2A6EFD-DF59-4A57-ABC0-E61383AAAE9F}.Debug_shared|x64.ActiveCfg = Debug|x64
		{7C2A6EFD-DF59-4A57-ABC0-E61383AAAE9F}.Debug_shared|x64.Build.0 = Debug|x64
		{7C2A6EFD-DF59-4A57-ABC0-E61383AAAE9F}.Debug_static|Win32.ActiveCfg = Debug|Win32
		{7C2A6EFD-DF59-4A57-ABC0-E61383AAAE9F}.Debug_static|Win32.Build.0 = Debug|Win32
		{7C2A6EFD-DF59-4A57-ABC0-E61383AAAE9F}.Debug_static|x64.ActiveCfg = Debug|x64
		{7C2A6EFD-DF59-4A57-ABC0-E61383AAAE9F}.Debug_static|x64.Build.0 = Debug|x64
		{7C2A6EFD-DF59-4A57-ABC0-E61383AAAE9F}.Debug|Win32.ActiveCfg = Debug|Win32
		{7C2A6EFD-DF59-4A57-ABC0-E61383AAAE9F}.Debug|Win32.Build.0 = Debug|Win32
		{7C2A6EFD-DF59-4A57-ABC0-E61383AAAE9F}.Debug|x64.ActiveCfg = Debug|x64
		{7C2A6EFD-DF59-4A57-ABC0-E61383AAAE9F}.Debug|x64.Build.0 = Debug|x64
		{7C2A6EFD-DF59-4A57-ABC0-E61383AAAE9F}.MinSizeRel|Win32.ActiveCfg = Release|Win32
		{7C2A6EFD-DF59-4A57-ABC0-E61383AAAE9F}.MinSizeRel|Win32.Build.0 = Release|Win32
		{7C2A6EFD-DF59-4A57-ABC0-E61383AAAE9F}.MinSizeRel|x64.ActiveCfg = Release|x64
		{7C2A6EFD-DF59-4A57-ABC0-E61383AAAE9F}.MinSizeRel|x64.Build.0 = Release|x64
		{7C2A6EFD-DF59-4A57-ABC0-E61383AAAE9F}.Release Multithreaded|Win32.ActiveCfg = Release|Win32
		{7C2A6EFD-DF59-4A57-ABC0-E61383AAAE9F}.Release Multithreaded|Win32.Build.0 = Release|Win32
		{7C2A6EFD-DF59-4A57-ABC0-E61383AAAE9F}.Release Multithreaded|Win32.Deploy.0 = Release|Win32
		{7C2A6EFD-DF59-4A57-ABC0-E61383AAAE9F}.Release Multithreaded|x64.ActiveCfg = Release|x64
		{7C2A6EFD-DF59-4A57-ABC0-E61383AAAE9F}.Release Multithreaded|x64.Build.0 = Release|x64
		{7C2A6EFD-DF59-4A57-ABC0-E61383AAAE9F}.Release Multithreaded|x64.Deploy.0 = Release|x64
		{7C2A6EFD-DF59-4A57-ABC0-E61383AAAE9F}.Release Singlethreaded|Win32.ActiveCfg = Release|Win32
		{7C2A6EFD-DF59-4A57-ABC0-E61383AAAE9F}.Release Singlethreaded|Win32.Build.0 = Release|Win32
		{7C2A6EFD-DF59-4A57-ABC0-E61383AAAE9F}.Release Singlethreaded|Win32.Deploy.0 = Release|Win32
		{7C2A6EFD-DF59-4A57-ABC0-E61383AAAE9F}.Release Singlethreaded|x64.ActiveCfg = Release|x64
		{7C2A6EFD-DF59-4A57-ABC0-E61383AAAE9F}.Release Singlethreaded|x64.Build.0 = Release|x64
		{7C2A6EFD-DF59-4A57-ABC0-E61383AAAE9F}.Release Singlethreaded|x64.Deploy.0 = Release|x64
		{7C2A6EFD-DF59-4A57-ABC0-E61383AAAE9F}.Release_shared|Win32.ActiveCfg = Release|Win32
		{7C2A6EFD-DF59-4A57-ABC0-E61383AAAE9F}.Release_shared|Win32.Build.0 = Release|Win32
		{7C2A6EFD-DF59-4A57-ABC0-E61383AAAE9F}.Release_shared|x64.ActiveCfg = Release|x64
		{7C2A6EFD-DF59-4A57-ABC0-E61383AAAE9F}.Release_shared|x64.Build.0 = Release|x64
		{7C2A6EFD-DF59-4A57-ABC0-E61383AAAE9F}.Release_static|Win32.ActiveCfg = Release|Win32
		{7C2A6EFD-DF59-4A57-ABC0-E61383AAAE9F}.Release_static|Win32.Build.0 = Release|Win32
		{7C2A6EFD-DF59-4A57-ABC0-E61383AAAE9F}.Release_static|x64.ActiveCfg = Release|x64
		{7C2A6EFD-DF59-4A57-ABC0-E61383AAAE9F}.Release_static|x64.Build.0 = Release|x64
		{7C2A6EFD-DF59-4A57-ABC0-E61383AAAE9F}.Release|Win32.ActiveCfg = Release|Win32
		{7C2A6EFD-DF59-4A57-ABC0-E61383AAAE9F}.Release|Win32.Build.0 = Release|Win32
		{7C2A6EFD-DF59-4A57-ABC0-E61383AAAE9F}.Release|x64.ActiveCfg = Release|x64
		{7C2A6EFD-DF59-4A57-ABC0-E61383AAAE9F}.Release|x64.Build.0 = Release|x64
		{7C2A6EFD-DF59-4A57-ABC0-E61383AAAE9F}.RelWithDebInfo|Win32.ActiveCfg = Release|Win32
		{7C2A6EFD-DF59-4A57-ABC0-E61383AAAE9F}.RelWithDebInfo|Win32.Build.0 = Release|Win32
		{7C2A6EFD-DF59-4A57-ABC0-E61383AAAE9F}.RelWithDebInfo|x64.ActiveCfg = Release|x64
		{7C2A6EFD-DF59-4A57-ABC0-E61383AAAE9F}.RelWithDebInfo|x64.Build.0 = Release|x64
		{78B079BD-9FC7-4B9E-B4A6-96DA0F00248B}.Debug Multithreaded|Win32.ActiveCfg = Debug Multithreaded|Win32
		{78B079BD-9FC7-4B9E-B4A6-96DA0F00248B}.Debug Multithreaded|Win32.Build.0 = Debug Multithreaded|Win32
		{78B079BD-9FC7-4B9E-B4A6-96DA0F00248B}.Debug Multithreaded|x64.ActiveCfg = Debug Multithreaded|x64
		{78B079BD-9FC7-4B9E-B4A6-96DA0F00248B}.Debug Multithreaded|x64.Build.0 = Debug Multithreaded|x64
		{78B079BD-9FC7-4B9E-B4A6-96DA0F00248B}.Debug Singlethreaded|Win32.ActiveCfg = Debug Singlethreaded|Win32
		{78B079BD-9FC7-4B9E-B4A6-96DA0F00248B}.Debug Singlethreaded|Win32.Build.0 = Debug Singlethreaded|Win32
		{78B079BD-9FC7-4B9E-B4A6-96DA0F00248B}.Debug Singlethreaded|x64.ActiveCfg = Debug Singlethreaded|x64
		{78B079BD-9FC7-4B9E-B4A6-96DA0F00248B}.Debug Singlethreaded|x64.Build.0 = Debug Singlethreaded|x64
		{78B079BD-9FC7-4B9E-B4A6-96DA0F00248B}.Debug_shared|Win32.ActiveCfg = Debug Multithreaded|Win32
		{78B079BD-9FC7-4B9E-B4A6-96DA0F00248B}.Debug_shared|Win32.Build.0 = Debug Multithreaded|Win32
		{78B079BD-9FC7-4B9E-B4A6-96DA0F00248B}.Debug_shared|x64.ActiveCfg = Debug Multithreaded|x64
		{78B079BD-9FC7-4B9E-B4A6-96DA0F00248B}.Debug_shared|x64.Build.0 = Debug Multithreaded|x64
		{78B079BD-9FC7-4B9E-B4A6-96DA0F00248B}.Debug_static|Win32.ActiveCfg = Debug Multithreaded|Win32
		{78B079BD-9FC7-4B9E-B4A6-96DA0F00248B}.Debug_static|Win32.Build.0 = Debug Multithreaded|Win32
		{78B079BD-9FC7-4B9E-B4A6-96DA0F00248B}.Debug_static|x64.ActiveCfg = Debug Multithreaded|x64
		{78B079BD-9FC7-4B9E-B4A6-96DA0F00248B}.Debug_static|x64.Build.0 = Debug Multithreaded|x64
		{78B079BD-9FC7-4B9E-B4A6-96DA0F00248B}.Debug|Win32.ActiveCfg = Debug|Win32
		{78B079BD-9FC7-4B9E-B4A6-96DA0F00248B}.Debug|Win32.Build.0 = Debug|Win32
		{78B079BD-9FC7-4B9E-B4A6-96DA0F00248B}.Debug|x64.ActiveCfg = Debug|x64
		{78B079BD-9FC7-4B9E-B4A6-96DA0F00248B}.Debug|x64.Build.0 = Debug|x64
		{78B079BD-9FC7-4B9E-B4A6-96DA0F00248B}.MinSizeRel|Win32.ActiveCfg = Debug Multithreaded|Win32
		{78B079BD-9FC7-4B9E-B4A6-96DA0F00248B}.MinSizeRel|Win32.Build.0 = Debug Multithreaded|Win32
		{78B079BD-9FC7-4B9E-B4A6-96DA0F00248B}.MinSizeRel|x64.ActiveCfg = Debug Multithreaded|x64
		{78B079BD-9FC7-4B9E-B4A6-96DA0F00248B}.MinSizeRel|x64.Build.0 = Debug Multithreaded|x64
		{78B079BD-9FC7-4B9E-B4A6-96DA0F00248B}.Release Multithreaded|Win32.ActiveCfg = Release Multithreaded|Win32
		{78B079BD-9FC7-4B9E-B4A6-96DA0F00248B}.Release Multithreaded|Win32.Build.0 = Release Multithreaded|Win32
		{78B079BD-9FC7-4B9E-B4A6-96DA0F00248B}.Release Multithreaded|x64.ActiveCfg = Release Multithreaded|x64
		{78B079BD-9FC7-4B9E-B4A6-96DA0F00248B}.Release Multithreaded|x64.Build.0 = Release Multithreaded|x64
		{78B079BD-9FC7-4B9E-B4A6-96DA0F00248B}.Release Singlethreaded|Win32.ActiveCfg = Release Singlethreaded|Win32
		{78B079BD-9FC7-4B9E-B4A6-96DA0F00248B}.Release Singlethreaded|Win32.Build.0 = Release Singlethreaded|Win32
		{78B079BD-9FC7-4B9E-B4A6-96DA0F00248B}.Release Singlethreaded|x64.ActiveCfg = Release Singlethreaded|x64
		{78B079BD-9FC7-4B9E-B4A6-96DA0F00248B}.Release Singlethreaded|x64.Build.0 = Release Singlethreaded|x64
		{78B079BD-9FC7-4B9E-B4A6-96DA0F00248B}.Release_shared|Win32.ActiveCfg = Release Multithreaded|Win32
		{78B079BD-9FC7-4B9E-B4A6-96DA0F00248B}.Release_shared|Win32.Build.0 = Release Multithreaded|Win32
		{78B079BD-9FC7-4B9E-B4A6-96DA0F00248B}.Release_shared|x64.ActiveCfg = Release Multithreaded|x64
		{78B079BD-9FC7-4B9E-B4A6-96DA0F00248B}.Release_shared|x64.Build.0 = Release Multithreaded|x64
		{78B079BD-9FC7-4B9E-B4A6-96DA0F00248B}.Release_static|Win32.ActiveCfg = Release Multithreaded|Win32
		{78B079BD-9FC7-4B9E-B4A6-96DA0F00248B}.Release_static|Win32.Build.0 = Release Multithreaded|Win32
		{78B079BD-9FC7-4B9E-B4A6-96DA0F00248B}.Release_static|x64.ActiveCfg = Release Multithreaded|x64
		{78B079BD-9FC7-4B9E-B4A6-96DA0F00248B}.Release_static|x64.Build.0 = Release Multithreaded|x64
		{78B079BD-9FC7-4B9E-B4A6-96DA0F00248B}.Release|Win32.ActiveCfg = Release|Win32
		{78B079BD-9FC7-4B9E-B4A6-96DA0F00248B}.Release|Win32.Build.0 = Release|Win32
		{78B079BD-9FC7-4B9E-B4A6-96DA0F00248B}.Release|x64.ActiveCfg = Release|x64
		{78B079BD-9FC7-4B9E-B4A6-96DA0F00248B}.Release|x64.Build.0 = Release|x64
		{78B079BD-9FC7-4B9E-B4A6-96DA0F00248B}.RelWithDebInfo|Win32.ActiveCfg = Release Multithreaded|Win32
		{78B079BD-9FC7-4B9E-B4A6-96DA0F00248B}.RelWithDebInfo|Win32.Build.0 = Release Multithreaded|Win32
		{78B079BD-9FC7-4B9E-B4A6-96DA0F00248B}.RelWithDebInfo|x64.ActiveCfg = Release Multithreaded|x64
		{78B079BD-9FC7-4B9E-B4A6-96DA0F00248B}.RelWithDebInfo|x64.Build.0 = Release Multithreaded|x64
		{536F1947-537A-47D5-B330-5170AAE96019}.Debug Multithreaded|Win32.ActiveCfg = Debug|Win32
		{536F1947-537A-47D5-B330-5170AAE96019}.Debug Multithreaded|Win32.Build.0 = Debug|Win32
		{536F1947-537A-47D5-B330-5170AAE96019}.Debug Multithreaded|x64.ActiveCfg = Debug|x64
		{536F1947-537A-47D5-B330-5170AAE96019}.Debug Multithreaded|x64.Build.0 = Debug|x64
		{536F1947-537A-47D5-B330-5170AAE96019}.Debug Singlethreaded|Win32.ActiveCfg = Debug|Win32
		{536F1947-537A-47D5-B330-5170AAE96019}.Debug Singlethreaded|Win32.Build.0 = Debug|Win32
		{536F1947-537A-47D5-B330-5170AAE96019}.Debug Singlethreaded|x64.ActiveCfg = Debug|x64
		{536F1947-537A-47D5-B330-5170AAE96019}.Debug Singlethreaded|x64.Build.0 = Debug|x64
		{536F1947-537A-47D5-B330-5170AAE96019}.Debug_shared|Win32.ActiveCfg = Debug|Win32
		{536F1947-537A-47D5-B330-5170AAE96019}.Debug_shared|Win32.Build.0 = Debug|Win32
		{536F1947-537A-47D5-B330-5170AAE96019}.Debug_shared|x64.ActiveCfg = Debug|x64
		{536F1947-537A-47D5-B330-5170AAE96019}.Debug_shared|x64.Build.0 = Debug|x64
		{536F1947-537A-47D5-B330-5170AAE96019}.Debug_static|Win32.ActiveCfg = Debug|Win32
		{536F1947-537A-47D5-B330-5170AAE96019}.Debug_static|Win32.Build.0 = Debug|Win32
		{536F1947-537A-47D5-B330-5170AAE96019}.Debug_static|x64.ActiveCfg = Debug|x64
		{536F1947-537A-47D5-B330-5170AAE96019}.Debug_static|x64.Build.0 = Debug|x64
		{536F1947-537A-47D5-B330-5170AAE96019}.Debug|Win32.ActiveCfg = Debug|Win32
		{536F1947-537A-47D5-B330-5170AAE96019}.Debug|Win32.Build.0 = Debug|Win32
		{536F1947-537A-47D5-B330-5170AAE96019}.Debug|x64.ActiveCfg = Debug|x64
		{536F1947-537A-47D5-B330-5170AAE96019}.Debug|x64.Build.0 = Debug|x64
		{536F1947-537A-47D5-B330-5170AAE96019}.MinSizeRel|Win32.ActiveCfg = Release|Win32
		{536F1947-537A-47D5-B330-5170AAE96019}.MinSizeRel|Win32.Build.0 = Release|Win32
		{536F1947-537A-47D5-B330-5170AAE96019}.MinSizeRel|x64.ActiveCfg = Release|x64
		{536F1947-537A-47D5-B330-5170AAE96019}.MinSizeRel|x64.Build.0 = Release|x64
		{536F1947-537A-47D5-B330-5170AAE96019}.Release Multithreaded|Win32.ActiveCfg = Release|Win32
		{536F1947-537A-47D5-B330-5170AAE96019}.Release Multithreaded|Win32.Build.0 = Release|Win32
		{536F1947-537A-47D5-B330-5170AAE96019}.Release Multithreaded|x64.ActiveCfg = Release|x64
		{536F1947-537A-47D5-B330-5170AAE96019}.Release Multithreaded|x64.Build.0 = Release|x64
		{536F1947-537A-47D5-B330-5170AAE96019}.Release Singlethreaded|Win32.ActiveCfg = Release|Win32
		{536F1947-537A-47D5-B330-5170AAE96019}.Release Singlethreaded|Win32.Build.0 = Release|Win32
		{536F1947-537A-47D5-B330-5170AAE96019}.Release Singlethreaded|x64.ActiveCfg = Release|x64
		{536F1947-537A-47D5-B330-5170AAE96019}.Release Singlethreaded|x64.Build.0 = Release|x64
		{536F1947-537A-47D5-B330-5170AAE96019}.Release_shared|Win32.ActiveCfg = Release|Win32
		{536F1947-537A-47D5-B330-5170AAE96019}.Release_shared|Win32.Build.0 = Release|Win32
		{536F1947-537A-47D5-B330-5170AAE96019}.Release_shared|x64.ActiveCfg = Release|x64
		{536F1947-537A-47D5-B330-5170AAE96019}.Release_shared|x64.Build.0 = Release|x64
		{536F1947-537A-47D5-B330-5170AAE96019}.Release_static|Win32.ActiveCfg = Release|Win32
		{536F1947-537A-47D5-B330-5170AAE96019}.Release_static|Win32.Build.0 = Release|Win32
		{536F1947-537A-47D5-B330-5170AAE96019}.Release_static|x64.ActiveCfg = Release|x64
		{536F1947-537A-47D5-B330-5170AAE96019}.Release_static|x64.Build.0 = Release|x64
		{536F1947-537A-47D5-B330-5170AAE96019}.Release|Win32.ActiveCfg = Release|Win32
		{536F1947-537A-47D5-B330-5170AAE96019}.Release|Win32.Build.0 = Release|Win32
		{536F1947-537A-47D5-B330-5170AAE96019}.Release|x64.ActiveCfg = Release|x64
		{536F1947-537A-47D5-B330-5170AAE96019}.Release|x64.Build.0 = Release|x64
		{536F1947-537A-47D5-B330-5170AAE96019}.RelWithDebInfo|Win32.ActiveCfg = Release|Win32
		{536F1947-537A-47D5-B330-5170AAE96019}.RelWithDebInfo|Win32.Build.0 = Release|Win32
		{536F1947-537A-47D5-B330-5170AAE96019}.RelWithDebInfo|x64.ActiveCfg = Release|x64
		{536F1947-537A-47D5-B330-5170AAE96019}.RelWithDebInfo|x64.Build.0 = Release|x64
		{C797DD8E-CBD7-46FC-8D58-A75F97C46E3F}.Debug Multithreaded|Win32.ActiveCfg = Debug|Win32
		{C797DD8E-CBD7-46FC-8D58-A75F97C46E3F}.Debug Multithreaded|Win32.Build.0 = Debug|Win32
		{C797DD8E-CBD7-46FC-8D58-A75F97C46E3F}.Debug Multithreaded|x64.ActiveCfg = Debug|x64
		{C797DD8E-CBD7-46FC-8D58-A75F97C46E3F}.Debug Multithreaded|x64.Build.0 = Debug|x64
		{C797DD8E-CBD7-46FC-8D58-A75F97C46E3F}.Debug Singlethreaded|Win32.ActiveCfg = Debug|Win32
		{C797DD8E-CBD7-46FC-8D58-A75F97C46E3F}.Debug Singlethreaded|Win32.Build.0 = Debug|Win32
		{C797DD8E-CBD7-46FC-8D58-A75F97C46E3F}.Debug Singlethreaded|x64.ActiveCfg = Debug|x64
		{C797DD8E-CBD7-46FC-8D58-A75F97C46E3F}.Debug Singlethreaded|x64.Build.0 = Debug|x64
		{C797DD8E-CBD7-46FC-8D58-A75F97C46E3F}.Debug_shared|Win32.ActiveCfg = Debug|Win32
		{C797DD8E-CBD7-46FC-8D58-A75F97C46E3F}.Debug_shared|Win32.Build.0 = Debug|Win32
		{C797DD8E-CBD7-46FC-8D58-A75F97C46E3F}.Debug_shared|x64.ActiveCfg = Debug|x64
		{C797DD8E-CBD7-46FC-8D58-A75F97C46E3F}.Debug_shared|x64.Build.0 = Debug|x64
		{C797DD8E-CBD7-46FC-8D58-A75F97C46E3F}.Debug_static|Win32.ActiveCfg = Debug|Win32
		{C797DD8E-CBD7-46FC-8D58-A75F97C46E3F}.Debug_static|Win32.Build.0 = Debug|Win32
		{C797DD8E-CBD7-46FC-8D58-A75F97C46E3F}.Debug_static|x64.ActiveCfg = Debug|x64
		{C797DD8E-CBD7-46FC-8D58-A75F97C46E3F}.Debug_static|x64.Build.0 = Debug|x64
		{C797DD8E-CBD7-46FC-8D58-A75F97C46E3F}.Debug|Win32.ActiveCfg = Debug|Win32
		{C797DD8E-CBD7-46FC-8D58-A75F97C46E3F}.Debug|Win32.Build.0 = Debug|Win32
		{C797DD8E-CBD7-46FC-8D58-A75F97C46E3F}.Debug|x64.ActiveCfg = Debug|x64
		{C797DD8E-CBD7-46FC-8D58-A75F97C46E3F}.Debug|x64.Build.0 = Debug|x64
		{C797DD8E-CBD7-46FC-8D58-A75F97C46E3F}.MinSizeRel|Win32.ActiveCfg = Release|Win32
		{C797DD8E-CBD7-46FC-8D58-A75F97C46E3F}.MinSizeRel|Win32.Build.0 = Release|Win32
		{C797DD8E-CBD7-46FC-8D58-A75F97C46E3F}.MinSizeRel|x64.ActiveCfg = Release|x64
		{C797DD8E-CBD7-46FC-8D58-A75F97C46E3F}.MinSizeRel|x64.Build.0 = Release|x64
		{C797DD8E-CBD7-46FC-8D58-A75F97C46E3F}.Release Multithreaded|Win32.ActiveCfg = Release|Win32
		{C797DD8E-CBD7-46FC-8D58-A75F97C46E3F}.Release Multithreaded|Win32.Build.0 = Release|Win32
		{C797DD8E-CBD7-46FC-8D58-A75F97C46E3F}.Release Multithreaded|x64.ActiveCfg = Release|x64
		{C797DD8E-CBD7-46FC-8D58-A75F97C46E3F}.Release Multithreaded|x64.Build.0 = Release|x64
		{C797DD8E-CBD7-46FC-8D58-A75F97C46E3F}.Release Singlethreaded|Win32.ActiveCfg = Release|Win32
		{C797DD8E-CBD7-46FC-8D58-A75F97C46E3F}.Release Singlethreaded|Win32.Build.0 = Release|Win32
		{C797DD8E-CBD7-46FC-8D58-A75F97C46E3F}.Release Singlethreaded|x64.ActiveCfg = Release|x64
		{C797DD8E-CBD7-46FC-8D58-A75F97C46E3F}.Release Singlethreaded|x64.Build.0 = Release|x64
		{C797DD8E-CBD7-46FC-8D58-A75F97C46E3F}.Release_shared|Win32.ActiveCfg = Release|Win32
		{C797DD8E-CBD7-46FC-8D58-A75F97C46E3F}.Release_shared|Win32.Build.0 = Release|Win32
		{C797DD8E-CBD7-46FC-8D58-A75F97C46E3F}.Release_shared|x64.ActiveCfg = Release|x64
		{C797DD8E-CBD7-46FC-8D58-A75F97C46E3F}.Release_shared|x64.Build.0 = Release|x64
		{C797DD8E-CBD7-46FC-8D58-A75F97C46E3F}.Release_static|Win32.ActiveCfg = Release|Win32
		{C797DD8E-CBD7-46FC-8D58-A75F97C46E3F}.Release_static|Win32.Build.0 = Release|Win32
		{C797DD8E-CBD7-46FC-8D58-A75F97C46E3F}.Release_static|x64.ActiveCfg = Release|x64
		{C797DD8E-CBD7-46FC-8D58-A75F97C46E3F}.Release_static|x64.Build.0 = Release|x64
		{C797DD8E-CBD7-46FC-8D58-A75F97C46E3F}.Release|Win32.ActiveCfg = Release|Win32
		{C797DD8E-CBD7-46FC-8D58-A75F97C46E3F}.Release|Win32.Build.0 = Release|Win32
		{C797DD8E-CBD7-46FC-8D58-A75F97C46E3F}.Release|x64.ActiveCfg = Release|x64
		{C797DD8E-CBD7-46FC-8D58-A75F97C46E3F}.Release|x64.Build.0 = Release|x64
		{C797DD8E-CBD7-46FC-8D58-A75F97C46E3F}.RelWithDebInfo|Win32.ActiveCfg = Release|Win32
		{C797DD8E-CBD7-46FC-8D58-A75F97C46E3F}.RelWithDebInfo|Win32.Build.0 = Release|Win32
		{C797DD8E-CBD7-46FC-8D58-A75F97C46E3F}.RelWithDebInfo|x64.ActiveCfg = Release|x64
		{C797DD8E-CBD7-46FC-8D58-A75F97C46E3F}.RelWithDebInfo|x64.Build.0 = Release|x64
		{BF2958F5-257E-4554-A418-111E9B962899}.Debug Multithreaded|Win32.ActiveCfg = Debug|Win32
		{BF2958F5-257E-4554-A418-111E9B962899}.Debug Multithreaded|Win32.Build.0 = Debug|Win32
		{BF2958F5-257E-4554-A418-111E9B962899}.Debug Multithreaded|x64.ActiveCfg = Debug|x64
		{BF2958F5-257E-4554-A418-111E9B962899}.Debug Multithreaded|x64.Build.0 = Debug|x64
		{BF2958F5-257E-4554-A418-111E9B962899}.Debug Singlethreaded|Win32.ActiveCfg = Debug|Win32
		{BF2958F5-257E-4554-A418-111E9B962899}.Debug Singlethreaded|Win32.Build.0 = Debug|Win32
		{BF2958F5-257E-4554-A418-111E9B962899}.Debug Singlethreaded|x64.ActiveCfg = Debug|x64
		{BF2958F5-257E-4554-A418-111E9B962899}.Debug Singlethreaded|x64.Build.0 = Debug|x64
		{BF2958F5-257E-4554-A418-111E9B962899}.Debug_shared|Win32.ActiveCfg = Debug|Win32
		{BF2958F5-257E-4554-A418-111E9B962899}.Debug_shared|Win32.Build.0 = Debug|Win32
		{BF2958F5-257E-4554-A418-111E9B962899}.Debug_shared|x64.ActiveCfg = Debug|x64
		{BF2958F5-257E-4554-A418-111E9B962899}.Debug_shared|x64.Build.0 = Debug|x64
		{BF2958F5-257E-4554-A418-111E9B962899}.Debug_static|Win32.ActiveCfg = Debug|Win32
		{BF2958F5-257E-4554-A418-111E9B962899}.Debug_static|Win32.Build.0 = Debug|Win32
		{BF2958F5-257E-4554-A418-111E9B962899}.Debug_static|x64.ActiveCfg = Debug|x64
		{BF2958F5-257E-4554-A418-111E9B962899}.Debug_static|x64.Build.0 = Debug|x64
		{BF2958F5-257E-4554-A418-111E9B962899}.Debug|Win32.ActiveCfg = Debug|Win32
		{BF2958F5-257E-4554-A418-111E9B962899}.Debug|Win32.Build.0 = Debug|Win32
		{BF2958F5-257E-4554-A418-111E9B962899}.Debug|x64.ActiveCfg = Debug|x64
		{BF2958F5-257E-4554-A418-111E9B962899}.Debug|x64.Build.0 = Debug|x64
		{BF2958F5-257E-4554-A418-111E9B962899}.MinSizeRel|Win32.ActiveCfg = Release|Win32
		{BF2958F5-257E-4554-A418-111E9B962899}.MinSizeRel|Win32.Build.0 = Release|Win32
		{BF2958F5-257E-4554-A418-111E9B962899}.MinSizeRel|x64.ActiveCfg = Release|x64
		{BF2958F5-257E-4554-A418-111E9B962899}.MinSizeRel|x64.Build.0 = Release|x64
		{BF2958F5-257E-4554-A418-111E9B962899}.Release Multithreaded|Win32.ActiveCfg = Release|Win32
		{BF2958F5-257E-4554-A418-111E9B962899}.Release Multithreaded|Win32.Build.0 = Release|Win32
		{BF2958F5-257E-4554-A418-111E9B962899}.Release Multithreaded|x64.ActiveCfg = Release|x64
		{BF2958F5-257E-4554-A418-111E9B962899}.Release Multithreaded|x64.Build.0 = Release|x64
		{BF2958F5-257E-4554-A418-111E9B962899}.Release Singlethreaded|Win32.ActiveCfg = Release|Win32
		{BF2958F5-257E-4554-A418-111E9B962899}.Release Singlethreaded|Win32.Build.0 = Release|Win32
		{BF2958F5-257E-4554-A418-111E9B962899}.Release Singlethreaded|x64.ActiveCfg = Release|x64
		{BF2958F5-257E-4554-A418-111E9B962899}.Release Singlethreaded|x64.Build.0 = Release|x64
		{BF2958F5-257E-4554-A418-111E9B962899}.Release_shared|Win32.ActiveCfg = Release|Win32
		{BF2958F5-257E-4554-A418-111E9B962899}.Release_shared|Win32.Build.0 = Release|Win32
		{BF2958F5-257E-4554-A418-111E9B962899}.Release_shared|x64.ActiveCfg = Release|x64
		{BF2958F5-257E-4554-A418-111E9B962899}.Release_shared|x64.Build.0 = Release|x64
		{BF2958F5-257E-4554-A418-111E9B962899}.Release_static|Win32.ActiveCfg = Release|Win32
		{BF2958F5-257E-4554-A418-111E9B962899}.Release_static|Win32.Build.0 = Release|Win32
		{BF2958F5-257E-4554-A418-111E9B962899}.Release_static|x64.ActiveCfg = Release|x64
		{BF2958F5-257E-4554-A418-111E9B962899}.Release_static|x64.Build.0 = Release|x64
		{BF2958F5-257E-4554-A418-111E9B962899}.Release|Win32.ActiveCfg = Release|Win32
		{BF2958F5-257E-4554-A418-111E9B962899}.Release|Win32.Build.0 = Release|Win32
		{BF2958F5-257E-4554-A418-111E9B962899}.Release|x64.ActiveCfg = Release|x64
		{BF2958F5-257E-4554-A418-111E9B962899}.Release|x64.Build.0 = Release|x64
		{BF2958F5-257E-4554-A418-111E9B962899}.RelWithDebInfo|Win32.ActiveCfg = Release|Win32
		{BF2958F5-257E-4554-A418-111E9B962899}.RelWithDebInfo|Win32.Build.0 = Release|Win32
		{BF2958F5-257E-4554-A418-111E9B962899}.RelWithDebInfo|x64.ActiveCfg = Release|x64
		{BF2958F5-257E-4554-A418-111E9B962899}.RelWithDebInfo|x64.Build.0 = Release|x64
		{81CE8DAF-EBB2-4761-8E45-B71ABCCA8C68}.Debug Multithreaded|Win32.ActiveCfg = Debug|Win32
		{81CE8DAF-EBB2-4761-8E45-B71ABCCA8C68}.Debug Multithreaded|Win32.Build.0 = Debug|Win32
		{81CE8DAF-EBB2-4761-8E45-B71ABCCA8C68}.Debug Multithreaded|x64.ActiveCfg = Debug|x64
		{81CE8DAF-EBB2-4761-8E45-B71ABCCA8C68}.Debug Multithreaded|x64.Build.0 = Debug|x64
		{81CE8DAF-EBB2-4761-8E45-B71ABCCA8C68}.Debug Singlethreaded|Win32.ActiveCfg = Debug|Win32
		{81CE8DAF-EBB2-4761-8E45-B71ABCCA8C68}.Debug Singlethreaded|Win32.Build.0 = Debug|Win32
		{81CE8DAF-EBB2-4761-8E45-B71ABCCA8C68}.Debug Singlethreaded|x64.ActiveCfg = Debug|x64
		{81CE8DAF-EBB2-4761-8E45-B71ABCCA8C68}.Debug Singlethreaded|x64.Build.0 = Debug|x64
		{81CE8DAF-EBB2-4761-8E45-B71ABCCA8C68}.Debug_shared|Win32.ActiveCfg = Debug|Win32
		{81CE8DAF-EBB2-4761-8E45-B71ABCCA8C68}.Debug_shared|Win32.Build.0 = Debug|Win32
		{81CE8DAF-EBB2-4761-8E45-B71ABCCA8C68}.Debug_shared|x64.ActiveCfg = Debug|x64
		{81CE8DAF-EBB2-4761-8E45-B71ABCCA8C68}.Debug_shared|x64.Build.0 = Debug|x64
		{81CE8DAF-EBB2-4761-8E45-B71ABCCA8C68}.Debug_static|Win32.ActiveCfg = Debug|Win32
		{81CE8DAF-EBB2-4761-8E45-B71ABCCA8C68}.Debug_static|Win32.Build.0 = Debug|Win32
		{81CE8DAF-EBB2-4761-8E45-B71ABCCA8C68}.Debug_static|x64.ActiveCfg = Debug|x64
		{81CE8DAF-EBB2-4761-8E45-B71ABCCA8C68}.Debug_static|x64.Build.0 = Debug|x64
		{81CE8DAF-EBB2-4761-8E45-B71ABCCA8C68}.Debug|Win32.ActiveCfg = Debug|Win32
		{81CE8DAF-EBB2-4761-8E45-B71ABCCA8C68}.Debug|Win32.Build.0 = Debug|Win32
		{81CE8DAF-EBB2-4761-8E45-B71ABCCA8C68}.Debug|x64.ActiveCfg = Debug|x64
		{81CE8DAF-EBB2-4761-8E45-B71ABCCA8C68}.Debug|x64.Build.0 = Debug|x64
		{81CE8DAF-EBB2-4761-8E45-B71ABCCA8C68}.MinSizeRel|Win32.ActiveCfg = Release|Win32
		{81CE8DAF-EBB2-4761-8E45-B71ABCCA8C68}.MinSizeRel|Win32.Build.0 = Release|Win32
		{81CE8DAF-EBB2-4761-8E45-B71ABCCA8C68}.MinSizeRel|x64.ActiveCfg = Release|x64
		{81CE8DAF-EBB2-4761-8E45-B71ABCCA8C68}.MinSizeRel|x64.Build.0 = Release|x64
		{81CE8DAF-EBB2-4761-8E45-B71ABCCA8C68}.Release Multithreaded|Win32.ActiveCfg = Release|Win32
		{81CE8DAF-EBB2-4761-8E45-B71ABCCA8C68}.Release Multithreaded|Win32.Build.0 = Release|Win32
		{81CE8DAF-EBB2-4761-8E45-B71ABCCA8C68}.Release Multithreaded|x64.ActiveCfg = Release|x64
		{81CE8DAF-EBB2-4761-8E45-B71ABCCA8C68}.Release Multithreaded|x64.Build.0 = Release|x64
		{81CE8DAF-EBB2-4761-8E45-B71ABCCA8C68}.Release Singlethreaded|Win32.ActiveCfg = Release|Win32
		{81CE8DAF-EBB2-4761-8E45-B71ABCCA8C68}.Release Singlethreaded|Win32.Build.0 = Release|Win32
		{81CE8DAF-EBB2-4761-8E45-B71ABCCA8C68}.Release Singlethreaded|x64.ActiveCfg = Release|x64
		{81CE8DAF-EBB2-4761-8E45-B71ABCCA8C68}.Release Singlethreaded|x64.Build.0 = Release|x64
		{81CE8DAF-EBB2-4761-8E45-B71ABCCA8C68}.Release_shared|Win32.ActiveCfg = Release|Win32
		{81CE8DAF-EBB2-4761-8E45-B71ABCCA8C68}.Release_shared|Win32.Build.0 = Release|Win32
		{81CE8DAF-EBB2-4761-8E45-B71ABCCA8C68}.Release_shared|x64.ActiveCfg = Release|x64
		{81CE8DAF-EBB2-4761-8E45-B71ABCCA8C68}.Release_shared|x64.Build.0 = Release|x64
		{81CE8DAF-EBB2-4761-8E45-B71ABCCA8C68}.Release_static|Win32.ActiveCfg = Release|Win32
		{81CE8DAF-EBB2-4761-8E45-B71ABCCA8C68}.Release_static|Win32.Build.0 = Release|Win32
		{81CE8DAF-EBB2-4761-8E45-B71ABCCA8C68}.Release_static|x64.ActiveCfg = Release|x64
		{81CE8DAF-EBB2-4761-8E45-B71ABCCA8C68}.Release_static|x64.Build.0 = Release|x64
		{81CE8DAF-EBB2-4761-8E45-B71ABCCA8C68}.Release|Win32.ActiveCfg = Release|Win32
		{81CE8DAF-EBB2-4761-8E45-B71ABCCA8C68}.Release|Win32.Build.0 = Release|Win32
		{81CE8DAF-EBB2-4761-8E45-B71ABCCA8C68}.Release|x64.ActiveCfg = Release|x64
		{81CE8DAF-EBB2-4761-8E45-B71ABCCA8C68}.Release|x64.Build.0 = Release|x64
		{81CE8DAF-EBB2-4761-8E45-B71ABCCA8C68}.RelWithDebInfo|Win32.ActiveCfg = Release|Win32
		{81CE8DAF-EBB2-4761-8E45-B71ABCCA8C68}.RelWithDebInfo|Win32.Build.0 = Release|Win32
		{81CE8DAF-EBB2-4761-8E45-B71ABCCA8C68}.RelWithDebInfo|x64.ActiveCfg = Release|x64
		{81CE8DAF-EBB2-4761-8E45-B71ABCCA8C68}.RelWithDebInfo|x64.Build.0 = Release|x64
		{7C58367E-7F70-4675-AB9C-FA6432C5EC63}.Debug Multithreaded|Win32.ActiveCfg = Debug|Win32
		{7C58367E-7F70-4675-AB9C-FA6432C5EC63}.Debug Multithreaded|Win32.Build.0 = Debug|Win32
		{7C58367E-7F70-4675-AB9C-FA6432C5EC63}.Debug Multithreaded|Win32.Deploy.0 = Debug|Win32
		{7C58367E-7F70-4675-AB9C-FA6432C5EC63}.Debug Multithreaded|x64.ActiveCfg = Debug|x64
		{7C58367E-7F70-4675-AB9C-FA6432C5EC63}.Debug Multithreaded|x64.Build.0 = Debug|x64
		{7C58367E-7F70-4675-AB9C-FA6432C5EC63}.Debug Multithreaded|x64.Deploy.0 = Debug|x64
		{7C58367E-7F70-4675-AB9C-FA6432C5EC63}.Debug Singlethreaded|Win32.ActiveCfg = Debug|Win32
		{7C58367E-7F70-4675-AB9C-FA6432C5EC63}.Debug Singlethreaded|Win32.Build.0 = Debug|Win32
		{7C58367E-7F70-4675-AB9C-FA6432C5EC63}.Debug Singlethreaded|Win32.Deploy.0 = Debug|Win32
		{7C58367E-7F70-4675-AB9C-FA6432C5EC63}.Debug Singlethreaded|x64.ActiveCfg = Debug|x64
		{7C58367E-7F70-4675-AB9C-FA6432C5EC63}.Debug Singlethreaded|x64.Build.0 = Debug|x64
		{7C58367E-7F70-4675-AB9C-FA6432C5EC63}.Debug Singlethreaded|x64.Deploy.0 = Debug|x64
		{7C58367E-7F70-4675-AB9C-FA6432C5EC63}.Debug_shared|Win32.ActiveCfg = Debug|Win32
		{7C58367E-7F70-4675-AB9C-FA6432C5EC63}.Debug_shared|Win32.Build.0 = Debug|Win32
		{7C58367E-7F70-4675-AB9C-FA6432C5EC63}.Debug_shared|Win32.Deploy.0 = Debug|Win32
		{7C58367E-7F70-4675-AB9C-FA6432C5EC63}.Debug_shared|x64.ActiveCfg = Debug|x64
		{7C58367E-7F70-4675-AB9C-FA6432C5EC63}.Debug_shared|x64.Build.0 = Debug|x64
		{7C58367E-7F70-4675-AB9C-FA6432C5EC63}.Debug_shared|x64.Deploy.0 = Debug|x64
		{7C58367E-7F70-4675-AB9C-FA6432C5EC63}.Debug_static|Win32.ActiveCfg = Debug|Win32
		{7C58367E-7F70-4675-AB9C-FA6432C5EC63}.Debug_static|Win32.Build.0 = Debug|Win32
		{7C58367E-7F70-4675-AB9C-FA6432C5EC63}.Debug_static|Win32.Deploy.0 = Debug|Win32
		{7C58367E-7F70-4675-AB9C-FA6432C5EC63}.Debug_static|x64.ActiveCfg = Debug|x64
		{7C58367E-7F70-4675-AB9C-FA6432C5EC63}.Debug_static|x64.Build.0 = Debug|x64
		{7C58367E-7F70-4675-AB9C-FA6432C5EC63}.Debug_static|x64.Deploy.0 = Debug|x64
		{7C58367E-7F70-4675-AB9C-FA6432C5EC63}.Debug|Win32.ActiveCfg = Debug|Win32
		{7C58367E-7F70-4675-AB9C-FA6432C5EC63}.Debug|Win32.Build.0 = Debug|Win32
		{7C58367E-7F70-4675-AB9C-FA6432C5EC63}.Debug|Win32.Deploy.0 = Debug|Win32
		{7C58367E-7F70-4675-AB9C-FA6432C5EC63}.Debug|x64.ActiveCfg = Debug|x64
		{7C58367E-7F70-4675-AB9C-FA6432C5EC63}.Debug|x64.Build.0 = Debug|x64
		{7C58367E-7F70-4675-AB9C-FA6432C5EC63}.Debug|x64.Deploy.0 = Debug|x64
		{7C58367E-7F70-4675-AB9C-FA6432C5EC63}.MinSizeRel|Win32.ActiveCfg = Release|Win32
		{7C58367E-7F70-4675-AB9C-FA6432C5EC63}.MinSizeRel|Win32.Build.0 = Release|Win32
		{7C58367E-7F70-4675-AB9C-FA6432C5EC63}.MinSizeRel|Win32.Deploy.0 = Release|Win32
		{7C58367E-7F70-4675-AB9C-FA6432C5EC63}.MinSizeRel|x64.ActiveCfg = Release|x64
		{7C58367E-7F70-4675-AB9C-FA6432C5EC63}.MinSizeRel|x64.Build.0 = Release|x64
		{7C58367E-7F70-4675-AB9C-FA6432C5EC63}.MinSizeRel|x64.Deploy.0 = Release|x64
		{7C58367E-7F70-4675-AB9C-FA6432C5EC63}.Release Multithreaded|Win32.ActiveCfg = Release|Win32
		{7C58367E-7F70-4675-AB9C-FA6432C5EC63}.Release Multithreaded|Win32.Build.0 = Release|Win32
		{7C58367E-7F70-4675-AB9C-FA6432C5EC63}.Release Multithreaded|Win32.Deploy.0 = Release|Win32
		{7C58367E-7F70-4675-AB9C-FA6432C5EC63}.Release Multithreaded|x64.ActiveCfg = Release|x64
		{7C58367E-7F70-4675-AB9C-FA6432C5EC63}.Release Multithreaded|x64.Build.0 = Release|x64
		{7C58367E-7F70-4675-AB9C-FA6432C5EC63}.Release Multithreaded|x64.Deploy.0 = Release|x64
		{7C58367E-7F70-4675-AB9C-FA6432C5EC63}.Release Singlethreaded|Win32.ActiveCfg = Release|Win32
		{7C58367E-7F70-4675-AB9C-FA6432C5EC63}.Release Singlethreaded|Win32.Build.0 = Release|Win32
		{7C58367E-7F70-4675-AB9C-FA6432C5EC63}.Release Singlethreaded|Win32.Deploy.0 = Release|Win32
		{7C58367E-7F70-4675-AB9C-FA6432C5EC63}.Release Singlethreaded|x64.ActiveCfg = Release|x64
		{7C58367E-7F70-4675-AB9C-FA6432C5EC63}.Release Singlethreaded|x64.Build.0 = Release|x64
		{7C58367E-7F70-4675-AB9C-FA6432C5EC63}.Release Singlethreaded|x64.Deploy.0 = Release|x64
		{7C58367E-7F70-4675-AB9C-FA6432C5EC63}.Release_shared|Win32.ActiveCfg = Release|Win32
		{7C58367E-7F70-4675-AB9C-FA6432C5EC63}.Release_shared|Win32.Build.0 = Release|Win32
		{7C58367E-7F70-4675-AB9C-FA6432C5EC63}.Release_shared|Win32.Deploy.0 = Release|Win32
		{7C58367E-7F70-4675-AB9C-FA6432C5EC63}.Release_shared|x64.ActiveCfg = Release|x64
		{7C58367E-7F70-4675-AB9C-FA6432C5EC63}.Release_shared|x64.Build.0 = Release|x64
		{7C58367E-7F70-4675-AB9C-FA6432C5EC63}.Release_shared|x64.Deploy.0 = Release|x64
		{7C58367E-7F70-4675-AB9C-FA6432C5EC63}.Release_static|Win32.ActiveCfg = Release|Win32
		{7C58367E-7F70-4675-AB9C-FA6432C5EC63}.Release_static|Win32.Build.0 = Release|Win32
		{7C58367E-7F70-4675-AB9C-FA6432C5EC63}.Release_static|Win32.Deploy.0 = Release|Win32
		{7C58367E-7F70-4675-AB9C-FA6432C5EC63}.Release_static|x64.ActiveCfg = Release|x64
		{7C58367E-7F70-4675-AB9C-FA6432C5EC63}.Release_static|x64.Build.0 = Release|x64
		{7C58367E-7F70-4675-AB9C-FA6432C5EC63}.Release_static|x64.Deploy.0 = Release|x64
		{7C58367E-7F70-4675-AB9C-FA6432C5EC63}.Release|Win32.ActiveCfg = Release|Win32
		{7C58367E-7F70-4675-AB9C-FA6432C5EC63}.Release|Win32.Build.0 = Release|Win32
		{7C58367E-7F70-4675-AB9C-FA6432C5EC63}.Release|Win32.Deploy.0 = Release|Win32
		{7C58367E-7F70-4675-AB9C-FA6432C5EC63}.Release|x64.ActiveCfg = Release|x64
		{7C58367E-7F70-4675-AB9C-FA6432C5EC63}.Release|x64.Build.0 = Release|x64
		{7C58367E-7F70-4675-AB9C-FA6432C5EC63}.Release|x64.Deploy.0 = Release|x64
		{7C58367E-7F70-4675-AB9C-FA6432C5EC63}.RelWithDebInfo|Win32.ActiveCfg = Release|Win32
		{7C58367E-7F70-4675-AB9C-FA6432C5EC63}.RelWithDebInfo|Win32.Build.0 = Release|Win32
		{7C58367E-7F70-4675-AB9C-FA6432C5EC63}.RelWithDebInfo|Win32.Deploy.0 = Release|Win32
		{7C58367E-7F70-4675-AB9C-FA6432C5EC63}.RelWithDebInfo|x64.ActiveCfg = Release|x64
		{7C58367E-7F70-4675-AB9C-FA6432C5EC63}.RelWithDebInfo|x64.Build.0 = Release|x64
		{7C58367E-7F70-4675-AB9C-FA6432C5EC63}.RelWithDebInfo|x64.Deploy.0 = Release|x64
		{DA956FD3-E142-46F2-9DD5-C78BEBB56B7A}.Debug Multithreaded|Win32.ActiveCfg = Debug|Win32
		{DA956FD3-E142-46F2-9DD5-C78BEBB56B7A}.Debug Multithreaded|Win32.Build.0 = Debug|Win32
		{DA956FD3-E142-46F2-9DD5-C78BEBB56B7A}.Debug Multithreaded|x64.ActiveCfg = Debug|x64
		{DA956FD3-E142-46F2-9DD5-C78BEBB56B7A}.Debug Multithreaded|x64.Build.0 = Debug|x64
		{DA956FD3-E142-46F2-9DD5-C78BEBB56B7A}.Debug Singlethreaded|Win32.ActiveCfg = Debug|Win32
		{DA956FD3-E142-46F2-9DD5-C78BEBB56B7A}.Debug Singlethreaded|Win32.Build.0 = Debug|Win32
		{DA956FD3-E142-46F2-9DD5-C78BEBB56B7A}.Debug Singlethreaded|x64.ActiveCfg = Debug|x64
		{DA956FD3-E142-46F2-9DD5-C78BEBB56B7A}.Debug Singlethreaded|x64.Build.0 = Debug|x64
		{DA956FD3-E142-46F2-9DD5-C78BEBB56B7A}.Debug_shared|Win32.ActiveCfg = Debug|Win32
		{DA956FD3-E142-46F2-9DD5-C78BEBB56B7A}.Debug_shared|Win32.Build.0 = Debug|Win32
		{DA956FD3-E142-46F2-9DD5-C78BEBB56B7A}.Debug_shared|x64.ActiveCfg = Debug|x64
		{DA956FD3-E142-46F2-9DD5-C78BEBB56B7A}.Debug_shared|x64.Build.0 = Debug|x64
		{DA956FD3-E142-46F2-9DD5-C78BEBB56B7A}.Debug_static|Win32.ActiveCfg = Debug|Win32
		{DA956FD3-E142-46F2-9DD5-C78BEBB56B7A}.Debug_static|Win32.Build.0 = Debug|Win32
		{DA956FD3-E142-46F2-9DD5-C78BEBB56B7A}.Debug_static|x64.ActiveCfg = Debug|x64
		{DA956FD3-E142-46F2-9DD5-C78BEBB56B7A}.Debug_static|x64.Build.0 = Debug|x64
		{DA956FD3-E142-46F2-9DD5-C78BEBB56B7A}.Debug|Win32.ActiveCfg = Debug|Win32
		{DA956FD3-E142-46F2-9DD5-C78BEBB56B7A}.Debug|Win32.Build.0 = Debug|Win32
		{DA956FD3-E142-46F2-9DD5-C78BEBB56B7A}.Debug|x64.ActiveCfg = Debug|x64
		{DA956FD3-E142-46F2-9DD5-C78BEBB56B7A}.Debug|x64.Build.0 = Debug|x64
		{DA956FD3-E142-46F2-9DD5-C78BEBB56B7A}.MinSizeRel|Win32.ActiveCfg = Release|Win32
		{DA956FD3-E142-46F2-9DD5-C78BEBB56B7A}.MinSizeRel|Win32.Build.0 = Release|Win32
		{DA956FD3-E142-46F2-9DD5-C78BEBB56B7A}.MinSizeRel|x64.ActiveCfg = Release|x64
		{DA956FD3-E142-46F2-9DD5-C78BEBB56B7A}.MinSizeRel|x64.Build.0 = Release|x64
		{DA956FD3-E142-46F2-9DD5-C78BEBB56B7A}.Release Multithreaded|Win32.ActiveCfg = Release|Win32
		{DA956FD3-E142-46F2-9DD5-C78BEBB56B7A}.Release Multithreaded|Win32.Build.0 = Release|Win32
		{DA956FD3-E142-46F2-9DD5-C78BEBB56B7A}.Release Multithreaded|x64.ActiveCfg = Release|x64
		{DA956FD3-E142-46F2-9DD5-C78BEBB56B7A}.Release Multithreaded|x64.Build.0 = Release|x64
		{DA956FD3-E142-46F2-9DD5-C78BEBB56B7A}.Release Singlethreaded|Win32.ActiveCfg = Release|Win32
		{DA956FD3-E142-46F2-9DD5-C78BEBB56B7A}.Release Singlethreaded|Win32.Build.0 = Release|Win32
		{DA956FD3-E142-46F2-9DD5-C78BEBB56B7A}.Release Singlethreaded|x64.ActiveCfg = Release|x64
		{DA956FD3-E142-46F2-9DD5-C78BEBB56B7A}.Release Singlethreaded|x64.Build.0 = Release|x64
		{DA956FD3-E142-46F2-9DD5-C78BEBB56B7A}.Release_shared|Win32.ActiveCfg = Release|Win32
		{DA956FD3-E142-46F2-9DD5-C78BEBB56B7A}.Release_shared|Win32.Build.0 = Release|Win32
		{DA956FD3-E142-46F2-9DD5-C78BEBB56B7A}.Release_shared|x64.ActiveCfg = Release|x64
		{DA956FD3-E142-46F2-9DD5-C78BEBB56B7A}.Release_shared|x64.Build.0 = Release|x64
		{DA956FD3-E142-46F2-9DD5-C78BEBB56B7A}.Release_static|Win32.ActiveCfg = Release|Win32
		{DA956FD3-E142-46F2-9DD5-C78BEBB56B7A}.Release_static|Win32.Build.0 = Release|Win32
		{DA956FD3-E142-46F2-9DD5-C78BEBB56B7A}.Release_static|x64.ActiveCfg = Release|x64
		{DA956FD3-E142-46F2-9DD5-C78BEBB56B7A}.Release_static|x64.Build.0 = Release|x64
		{DA956FD3-E142-46F2-9DD5-C78BEBB56B7A}.Release|Win32.ActiveCfg = Release|Win32
		{DA956FD3-E142-46F2-9DD5-C78BEBB56B7A}.Release|Win32.Build.0 = Release|Win32
		{DA956FD3-E142-46F2-9DD5-C78BEBB56B7A}.Release|x64.ActiveCfg = Release|x64
		{DA956FD3-E142-46F2-9DD5-C78BEBB56B7A}.Release|x64.Build.0 = Release|x64
		{DA956FD3-E142-46F2-9DD5-C78BEBB56B7A}.RelWithDebInfo|Win32.ActiveCfg = Release|Win32
		{DA956FD3-E142-46F2-9DD5-C78BEBB56B7A}.RelWithDebInfo|Win32.Build.0 = Release|Win32
		{DA956FD3-E142-46F2-9DD5-C78BEBB56B7A}.RelWithDebInfo|x64.ActiveCfg = Release|x64
		{DA956FD3-E142-46F2-9DD5-C78BEBB56B7A}.RelWithDebInfo|x64.Build.0 = Release|x64
		{2BD5534E-00E2-4BEA-AC96-D9A92EA24696}.Debug Multithreaded|Win32.ActiveCfg = Debug|Win32
		{2BD5534E-00E2-4BEA-AC96-D9A92EA24696}.Debug Multithreaded|Win32.Build.0 = Debug|Win32
		{2BD5534E-00E2-4BEA-AC96-D9A92EA24696}.Debug Multithreaded|x64.ActiveCfg = Debug|x64
		{2BD5534E-00E2-4BEA-AC96-D9A92EA24696}.Debug Multithreaded|x64.Build.0 = Debug|x64
		{2BD5534E-00E2-4BEA-AC96-D9A92EA24696}.Debug Singlethreaded|Win32.ActiveCfg = Debug|Win32
		{2BD5534E-00E2-4BEA-AC96-D9A92EA24696}.Debug Singlethreaded|Win32.Build.0 = Debug|Win32
		{2BD5534E-00E2-4BEA-AC96-D9A92EA24696}.Debug Singlethreaded|x64.ActiveCfg = Debug|x64
		{2BD5534E-00E2-4BEA-AC96-D9A92EA24696}.Debug Singlethreaded|x64.Build.0 = Debug|x64
		{2BD5534E-00E2-4BEA-AC96-D9A92EA24696}.Debug_shared|Win32.ActiveCfg = Debug|Win32
		{2BD5534E-00E2-4BEA-AC96-D9A92EA24696}.Debug_shared|Win32.Build.0 = Debug|Win32
		{2BD5534E-00E2-4BEA-AC96-D9A92EA24696}.Debug_shared|x64.ActiveCfg = Debug|x64
		{2BD5534E-00E2-4BEA-AC96-D9A92EA24696}.Debug_shared|x64.Build.0 = Debug|x64
		{2BD5534E-00E2-4BEA-AC96-D9A92EA24696}.Debug_static|Win32.ActiveCfg = Debug|Win32
		{2BD5534E-00E2-4BEA-AC96-D9A92EA24696}.Debug_static|Win32.Build.0 = Debug|Win32
		{2BD5534E-00E2-4BEA-AC96-D9A92EA24696}.Debug_static|x64.ActiveCfg = Debug|x64
		{2BD5534E-00E2-4BEA-AC96-D9A92EA24696}.Debug_static|x64.Build.0 = Debug|x64
		{2BD5534E-00E2-4BEA-AC96-D9A92EA24696}.Debug|Win32.ActiveCfg = Debug|Win32
		{2BD5534E-00E2-4BEA-AC96-D9A92EA24696}.Debug|Win32.Build.0 = Debug|Win32
		{2BD5534E-00E2-4BEA-AC96-D9A92EA24696}.Debug|x64.ActiveCfg = Debug|x64
		{2BD5534E-00E2-4BEA-AC96-D9A92EA24696}.Debug|x64.Build.0 = Debug|x64
		{2BD5534E-00E2-4BEA-AC96-D9A92EA24696}.MinSizeRel|Win32.ActiveCfg = Release|Win32
		{2BD5534E-00E2-4BEA-AC96-D9A92EA24696}.MinSizeRel|Win32.Build.0 = Release|Win32
		{2BD5534E-00E2-4BEA-AC96-D9A92EA24696}.MinSizeRel|x64.ActiveCfg = Release|x64
		{2BD5534E-00E2-4BEA-AC96-D9A92EA24696}.MinSizeRel|x64.Build.0 = Release|x64
		{2BD5534E-00E2-4BEA-AC96-D9A92EA24696}.Release Multithreaded|Win32.ActiveCfg = Release|Win32
		{2BD5534E-00E2-4BEA-AC96-D9A92EA24696}.Release Multithreaded|Win32.Build.0 = Release|Win32
		{2BD5534E-00E2-4BEA-AC96-D9A92EA24696}.Release Multithreaded|x64.ActiveCfg = Release|x64
		{2BD5534E-00E2-4BEA-AC96-D9A92EA24696}.Release Multithreaded|x64.Build.0 = Release|x64
		{2BD5534E-00E2-4BEA-AC96-D9A92EA24696}.Release Singlethreaded|Win32.ActiveCfg = Release|Win32
		{2BD5534E-00E2-4BEA-AC96-D9A92EA24696}.Release Singlethreaded|Win32.Build.0 = Release|Win32
		{2BD5534E-00E2-4BEA-AC96-D9A92EA24696}.Release Singlethreaded|x64.ActiveCfg = Release|x64
		{2BD5534E-00E2-4BEA-AC96-D9A92EA24696}.Release Singlethreaded|x64.Build.0 = Release|x64
		{2BD5534E-00E2-4BEA-AC96-D9A92EA24696}.Release_shared|Win32.ActiveCfg = Release|Win32
		{2BD5534E-00E2-4BEA-AC96-D9A92EA24696}.Release_shared|Win32.Build.0 = Release|Win32
		{2BD5534E-00E2-4BEA-AC96-D9A92EA24696}.Release_shared|x64.ActiveCfg = Release|x64
		{2BD5534E-00E2-4BEA-AC96-D9A92EA24696}.Release_shared|x64.Build.0 = Release|x64
		{2BD5534E-00E2-4BEA-AC96-D9A92EA24696}.Release_static|Win32.ActiveCfg = Release|Win32
		{2BD5534E-00E2-4BEA-AC96-D9A92EA24696}.Release_static|Win32.Build.0 = Release|Win32
		{2BD5534E-00E2-4BEA-AC96-D9A92EA24696}.Release_static|x64.ActiveCfg = Release|x64
		{2BD5534E-00E2-4BEA-AC96-D9A92EA24696}.Release_static|x64.Build.0 = Release|x64
		{2BD5534E-00E2-4BEA-AC96-D9A92EA24696}.Release|Win32.ActiveCfg = Release|Win32
		{2BD5534E-00E2-4BEA-AC96-D9A92EA24696}.Release|Win32.Build.0 = Release|Win32
		{2BD5534E-00E2-4BEA-AC96-D9A92EA24696}.Release|x64.ActiveCfg = Release|x64
		{2BD5534E-00E2-4BEA-AC96-D9A92EA24696}.Release|x64.Build.0 = Release|x64
		{2BD5534E-00E2-4BEA-AC96-D9A92EA24696}.RelWithDebInfo|Win32.ActiveCfg = Release|Win32
		{2BD5534E-00E2-4BEA-AC96-D9A92EA24696}.RelWithDebInfo|Win32.Build.0 = Release|Win32
		{2BD5534E-00E2-4BEA-AC96-D9A92EA24696}.RelWithDebInfo|x64.ActiveCfg = Release|x64
		{2BD5534E-00E2-4BEA-AC96-D9A92EA24696}.RelWithDebInfo|x64.Build.0 = Release|x64
	EndGlobalSection
	GlobalSection(SolutionProperties) = preSolution
		HideSolutionNode = FALSE
	EndGlobalSection
	GlobalSection(NestedProjects) = preSolution
		{827EBA0E-CA00-3933-87E4-0C3B24888CB1} = {71B392A2-E949-3D34-BB2C-2A1FAB32CB1E}
		{7B539D37-374C-3C7E-86BF-9966E610BC79} = {71B392A2-E949-3D34-BB2C-2A1FAB32CB1E}
		{89F157CC-1FEE-3A94-AA15-7A4F1EF8C429} = {71B392A2-E949-3D34-BB2C-2A1FAB32CB1E}
		{7416DC52-4022-3605-AD85-72B4416AA73D} = {71B392A2-E949-3D34-BB2C-2A1FAB32CB1E}
		{E919F187-2B3C-3A31-A009-CD01741C3CB0} = {827EBA0E-CA00-3933-87E4-0C3B24888CB1}
		{CD33C671-F5AF-34E4-A29B-7755105E7DB0} = {7B539D37-374C-3C7E-86BF-9966E610BC79}
		{FA159C15-8A44-3C01-9F79-DB0C26894921} = {89F157CC-1FEE-3A94-AA15-7A4F1EF8C429}
		{40040D69-017F-319F-9729-173C346F94D7} = {71B392A2-E949-3D34-BB2C-2A1FAB32CB1E}
		{990AD493-294E-37EC-AD0E-CADFBDD7C6B6} = {7416DC52-4022-3605-AD85-72B4416AA73D}
		{78B079BD-9FC7-4B9E-B4A6-96DA0F00248B} = {71B392A2-E949-3D34-BB2C-2A1FAB32CB1E}
		{536F1947-537A-47D5-B330-5170AAE96019} = {71B392A2-E949-3D34-BB2C-2A1FAB32CB1E}
		{C797DD8E-CBD7-46FC-8D58-A75F97C46E3F} = {71B392A2-E949-3D34-BB2C-2A1FAB32CB1E}
		{BF2958F5-257E-4554-A418-111E9B962899} = {71B392A2-E949-3D34-BB2C-2A1FAB32CB1E}
		{81CE8DAF-EBB2-4761-8E45-B71ABCCA8C68} = {71B392A2-E949-3D34-BB2C-2A1FAB32CB1E}
		{7C58367E-7F70-4675-AB9C-FA6432C5EC63} = {71B392A2-E949-3D34-BB2C-2A1FAB32CB1E}
		{DA956FD3-E142-46F2-9DD5-C78BEBB56B7A} = {71B392A2-E949-3D34-BB2C-2A1FAB32CB1E}
		{2BD5534E-00E2-4BEA-AC96-D9A92EA24696} = {71B392A2-E949-3D34-BB2C-2A1FAB32CB1E}
	EndGlobalSection
	GlobalSection(ExtensibilityGlobals) = postSolution
		SolutionGuid = {B922B490-7964-42E5-BA76-8D550D23E059}
	EndGlobalSection
EndGlobal
